PODS:
  - ImageSlideshow (1.9.1):
    - ImageSlideshow/Core (= 1.9.1)
  - ImageSlideshow/Core (1.9.1)
  - SideMenu (6.4.8)
  - TagListView (1.4.0)
  - XLPagerTabStrip (9.0.0)

DEPENDENCIES:
  - ImageSlideshow
  - SideMenu
  - TagListView
  - XLPagerTabStrip

SPEC REPOS:
  trunk:
    - ImageSlideshow
    - SideMenu
    - TagListView
    - XLPagerTabStrip

SPEC CHECKSUMS:
  ImageSlideshow: 67184be896a28472bd3b906c33ce4e0734aa3d22
  SideMenu: 4a891be552d30bb6fa87ad404d62e485f8450c34
  TagListView: 987b0bdbb16cd9d9e7c0e2ec32aff37ecba8b173
  XLPagerTabStrip: 61c57fd61f611ee5f01ff1495ad6fbee8bf496c5

PODFILE CHECKSUM: ae55302e8fdb984d627dbf5d5b0267b49250e745

COCOAPODS: 1.9.3
