// !$*UTF8*$!
{
	archiveVersion = 1;
	classes = {
	};
	objectVersion = 51;
	objects = {

/* Begin PBXBuildFile section */
		2B1E251F5063B7827B955424 /* Pods_Gomble.framework in Frameworks */ = {isa = PBXBuildFile; fileRef = E59E00A92A6127B7D683070A /* Pods_Gomble.framework */; };
		CD7CC49D0F92F6DF29A84895 /* Pods_GombleTests.framework in Frameworks */ = {isa = PBXBuildFile; fileRef = D0F3162F571D595A2A0BDE2F /* Pods_GombleTests.framework */; };
		D17F968786EB128B81BB710F /* Pods_Gomble_GombleUITests.framework in Frameworks */ = {isa = PBXBuildFile; fileRef = 63E23430507CC1DA5AFC0CAB /* Pods_Gomble_GombleUITests.framework */; };
		FC11672F24EE1A2E00AB6814 /* CreateFolderDesignerViewController.swift in Sources */ = {isa = PBXBuildFile; fileRef = FC11672E24EE1A2E00AB6814 /* CreateFolderDesignerViewController.swift */; };
		FC11673324EE790900AB6814 /* Testdatabase.swift in Sources */ = {isa = PBXBuildFile; fileRef = FC11673224EE790900AB6814 /* Testdatabase.swift */; };
		FC12065124E58F9500E5F304 /* RoundedButton.swift in Sources */ = {isa = PBXBuildFile; fileRef = FC12064F24E58F6900E5F304 /* RoundedButton.swift */; };
		FC12065224E58F9500E5F304 /* RoundedView.swift in Sources */ = {isa = PBXBuildFile; fileRef = FC12065024E58F9500E5F304 /* RoundedView.swift */; };
		FC12065424E5904300E5F304 /* RoundedTextField.swift in Sources */ = {isa = PBXBuildFile; fileRef = FC12065324E5904300E5F304 /* RoundedTextField.swift */; };
		FC12065724E5A60000E5F304 /* Globals.swift in Sources */ = {isa = PBXBuildFile; fileRef = FC12065624E5A60000E5F304 /* Globals.swift */; };
		FC12065924E5AE5B00E5F304 /* Common.swift in Sources */ = {isa = PBXBuildFile; fileRef = FC12065824E5AE5B00E5F304 /* Common.swift */; };
		FC12065B24E5B3AA00E5F304 /* ForgotPasswordViewController.swift in Sources */ = {isa = PBXBuildFile; fileRef = FC12065A24E5B3AA00E5F304 /* ForgotPasswordViewController.swift */; };
		FC12065D24E5B5A100E5F304 /* icon_back.png in Resources */ = {isa = PBXBuildFile; fileRef = FC12065C24E5B5A100E5F304 /* icon_back.png */; };
		FC12065F24E5B98600E5F304 /* CreateNewPasswordViewController.swift in Sources */ = {isa = PBXBuildFile; fileRef = FC12065E24E5B98600E5F304 /* CreateNewPasswordViewController.swift */; };
		FC12066124E5C58100E5F304 /* SelectTypeViewController.swift in Sources */ = {isa = PBXBuildFile; fileRef = FC12066024E5C58100E5F304 /* SelectTypeViewController.swift */; };
		FC12066324E5D43100E5F304 /* RoundedImageView.swift in Sources */ = {isa = PBXBuildFile; fileRef = FC12066224E5D43100E5F304 /* RoundedImageView.swift */; };
		FC12066624E5DADA00E5F304 /* bg_header.png in Resources */ = {isa = PBXBuildFile; fileRef = FC12066524E5DADA00E5F304 /* bg_header.png */; };
		FC12066924E5DDB500E5F304 /* Gilroy-ExtraBold.otf in Resources */ = {isa = PBXBuildFile; fileRef = FC12066724E5DDB400E5F304 /* Gilroy-ExtraBold.otf */; };
		FC12066A24E5DDB500E5F304 /* Gilroy-Light.otf in Resources */ = {isa = PBXBuildFile; fileRef = FC12066824E5DDB500E5F304 /* Gilroy-Light.otf */; };
		FC43A8F424EC46B8005AF9BF /* MaterialItemCell.xib in Resources */ = {isa = PBXBuildFile; fileRef = FC43A8F224EC46B8005AF9BF /* MaterialItemCell.xib */; };
		FC43A8F524EC46B8005AF9BF /* MaterialItemCollectionView.swift in Sources */ = {isa = PBXBuildFile; fileRef = FC43A8F324EC46B8005AF9BF /* MaterialItemCollectionView.swift */; };
		FC43A8F724EC5A5C005AF9BF /* icon_check_circle.png in Resources */ = {isa = PBXBuildFile; fileRef = FC43A8F624EC5A5C005AF9BF /* icon_check_circle.png */; };
		FC43A8F924EC5A64005AF9BF /* test_material.png in Resources */ = {isa = PBXBuildFile; fileRef = FC43A8F824EC5A64005AF9BF /* test_material.png */; };
		FC44BFB224E6F007008CD233 /* CustomerHomeViewController.swift in Sources */ = {isa = PBXBuildFile; fileRef = FC44BFB124E6F007008CD233 /* CustomerHomeViewController.swift */; };
		FC44BFB424E6F603008CD233 /* CustomerSideMenuViewController.swift in Sources */ = {isa = PBXBuildFile; fileRef = FC44BFB324E6F603008CD233 /* CustomerSideMenuViewController.swift */; };
		FC44BFB624E7066B008CD233 /* btn_close.png in Resources */ = {isa = PBXBuildFile; fileRef = FC44BFB524E7066B008CD233 /* btn_close.png */; };
		FC44BFBA24E71345008CD233 /* CustomHeaderView.swift in Sources */ = {isa = PBXBuildFile; fileRef = FC44BFB924E71345008CD233 /* CustomHeaderView.swift */; };
		FC44BFBC24E715B8008CD233 /* CustomHeaderView.xib in Resources */ = {isa = PBXBuildFile; fileRef = FC44BFBB24E715B8008CD233 /* CustomHeaderView.xib */; };
		FC44BFC124E71DDB008CD233 /* icon_settings.png in Resources */ = {isa = PBXBuildFile; fileRef = FC44BFBD24E71DDB008CD233 /* icon_settings.png */; };
		FC44BFC224E71DDB008CD233 /* icon_home.png in Resources */ = {isa = PBXBuildFile; fileRef = FC44BFBE24E71DDB008CD233 /* icon_home.png */; };
		FC44BFC324E71DDB008CD233 /* icon_notificationl.png in Resources */ = {isa = PBXBuildFile; fileRef = FC44BFBF24E71DDB008CD233 /* icon_notificationl.png */; };
		FC44BFC424E71DDB008CD233 /* icon_menu.png in Resources */ = {isa = PBXBuildFile; fileRef = FC44BFC024E71DDB008CD233 /* icon_menu.png */; };
		FC4CB6F724EB18CC00FDDEC7 /* CustomerTechpackPreviewViewController.swift in Sources */ = {isa = PBXBuildFile; fileRef = FC4CB6F624EB18CC00FDDEC7 /* CustomerTechpackPreviewViewController.swift */; };
		FC4CB6F924EB2A0800FDDEC7 /* icon_full_screen.png in Resources */ = {isa = PBXBuildFile; fileRef = FC4CB6F824EB2A0800FDDEC7 /* icon_full_screen.png */; };
		FC4CB6FC24EB2E9900FDDEC7 /* icon_next.png in Resources */ = {isa = PBXBuildFile; fileRef = FC4CB6FA24EB2E9800FDDEC7 /* icon_next.png */; };
		FC4CB6FD24EB2E9900FDDEC7 /* icon_previous.png in Resources */ = {isa = PBXBuildFile; fileRef = FC4CB6FB24EB2E9800FDDEC7 /* icon_previous.png */; };
		FC4CB6FF24EBD56800FDDEC7 /* CustomerTechpackPreviewDetailsViewController.swift in Sources */ = {isa = PBXBuildFile; fileRef = FC4CB6FE24EBD56800FDDEC7 /* CustomerTechpackPreviewDetailsViewController.swift */; };
		FC4CB70224EBD87D00FDDEC7 /* CustomerTechpackMaterialsViewController.swift in Sources */ = {isa = PBXBuildFile; fileRef = FC4CB70124EBD87D00FDDEC7 /* CustomerTechpackMaterialsViewController.swift */; };
		FC4CB70424EBDA0F00FDDEC7 /* CustomerTechpackGeneralInfoViewController.swift in Sources */ = {isa = PBXBuildFile; fileRef = FC4CB70324EBDA0F00FDDEC7 /* CustomerTechpackGeneralInfoViewController.swift */; };
		FC4CB70624EBDB2600FDDEC7 /* CustomerTechpackOptionsViewController.swift in Sources */ = {isa = PBXBuildFile; fileRef = FC4CB70524EBDB2600FDDEC7 /* CustomerTechpackOptionsViewController.swift */; };
		FC4CB70824EBDDE800FDDEC7 /* CustomerTechpackMeasurementsViewController.swift in Sources */ = {isa = PBXBuildFile; fileRef = FC4CB70724EBDDE800FDDEC7 /* CustomerTechpackMeasurementsViewController.swift */; };
		FC4CB70A24EBDE0F00FDDEC7 /* CustomerTechpackAboutDesignerViewController.swift in Sources */ = {isa = PBXBuildFile; fileRef = FC4CB70924EBDE0F00FDDEC7 /* CustomerTechpackAboutDesignerViewController.swift */; };
		FC4E968124F3CBEC00EA6221 /* icon_add_grey.png in Resources */ = {isa = PBXBuildFile; fileRef = FC4E967F24F3CBEB00EA6221 /* icon_add_grey.png */; };
		FC4E968224F3CBEC00EA6221 /* icon_add_dark_grey.png in Resources */ = {isa = PBXBuildFile; fileRef = FC4E968024F3CBEB00EA6221 /* icon_add_dark_grey.png */; };
		FC50826324EEBDDC0034D032 /* icon_option.png in Resources */ = {isa = PBXBuildFile; fileRef = FC50826224EEBDDC0034D032 /* icon_option.png */; };
		FC50826524EED3DE0034D032 /* DefaultDialogViewController.swift in Sources */ = {isa = PBXBuildFile; fileRef = FC50826424EED3DE0034D032 /* DefaultDialogViewController.swift */; };
		FC50826724EEE9FE0034D032 /* DesignerTechpacksViewController.swift in Sources */ = {isa = PBXBuildFile; fileRef = FC50826624EEE9FE0034D032 /* DesignerTechpacksViewController.swift */; };
		FC50826924EEF4710034D032 /* img_empty_techpack.png in Resources */ = {isa = PBXBuildFile; fileRef = FC50826824EEF4710034D032 /* img_empty_techpack.png */; };
		FC50826B24EEF7070034D032 /* NewTechpackDesignerViewController.swift in Sources */ = {isa = PBXBuildFile; fileRef = FC50826A24EEF7070034D032 /* NewTechpackDesignerViewController.swift */; };
		FC50826D24EF0D120034D032 /* icon_left_arrow_white.png in Resources */ = {isa = PBXBuildFile; fileRef = FC50826C24EF0D110034D032 /* icon_left_arrow_white.png */; };
		FC5B374324E5427500216DBD /* SignUpViewController.swift in Sources */ = {isa = PBXBuildFile; fileRef = FC5B374224E5427500216DBD /* SignUpViewController.swift */; };
		FC5B374924E5849B00216DBD /* icon_check_off.png in Resources */ = {isa = PBXBuildFile; fileRef = FC5B374724E5849A00216DBD /* icon_check_off.png */; };
		FC5B374A24E5849B00216DBD /* icon_check_on.png in Resources */ = {isa = PBXBuildFile; fileRef = FC5B374824E5849B00216DBD /* icon_check_on.png */; };
		FC5B374F24E589B200216DBD /* DMSans-Medium.ttf in Resources */ = {isa = PBXBuildFile; fileRef = FC5B374C24E589B200216DBD /* DMSans-Medium.ttf */; };
		FC5B375024E589B200216DBD /* DMSans-Regular.ttf in Resources */ = {isa = PBXBuildFile; fileRef = FC5B374D24E589B200216DBD /* DMSans-Regular.ttf */; };
		FC5B375124E589B200216DBD /* DMSans-Bold.ttf in Resources */ = {isa = PBXBuildFile; fileRef = FC5B374E24E589B200216DBD /* DMSans-Bold.ttf */; };
		FC5B375324E58B9900216DBD /* logo.png in Resources */ = {isa = PBXBuildFile; fileRef = FC5B375224E58B9900216DBD /* logo.png */; };
		FC64A5B024EDCF4800E2AA70 /* RoundedTextView.swift in Sources */ = {isa = PBXBuildFile; fileRef = FC64A5AF24EDCF4800E2AA70 /* RoundedTextView.swift */; };
		FC64A5B224EE031300E2AA70 /* icon_camera_grey.png in Resources */ = {isa = PBXBuildFile; fileRef = FC64A5B124EE031300E2AA70 /* icon_camera_grey.png */; };
		FC67EFDB24E624C500767A4F /* img_fashion_designer.png in Resources */ = {isa = PBXBuildFile; fileRef = FC67EFD924E624C500767A4F /* img_fashion_designer.png */; };
		FC67EFDC24E624C500767A4F /* img_customer.png in Resources */ = {isa = PBXBuildFile; fileRef = FC67EFDA24E624C500767A4F /* img_customer.png */; };
		FC67EFDE24E6284F00767A4F /* icon_back_white.png in Resources */ = {isa = PBXBuildFile; fileRef = FC67EFDD24E6284E00767A4F /* icon_back_white.png */; };
		FC803B3824E76431009D470D /* profile-anonymous.jpg in Resources */ = {isa = PBXBuildFile; fileRef = FC803B3724E76431009D470D /* profile-anonymous.jpg */; };
		FC803B3A24E92915009D470D /* PathView.swift in Sources */ = {isa = PBXBuildFile; fileRef = FC803B3924E92915009D470D /* PathView.swift */; };
		FC803B3C24E92927009D470D /* PathView.xib in Resources */ = {isa = PBXBuildFile; fileRef = FC803B3B24E92927009D470D /* PathView.xib */; };
		FC803B3E24E933C0009D470D /* PathViewCell.swift in Sources */ = {isa = PBXBuildFile; fileRef = FC803B3D24E933C0009D470D /* PathViewCell.swift */; };
		FC803B4024E934A4009D470D /* PathViewCell.xib in Resources */ = {isa = PBXBuildFile; fileRef = FC803B3F24E934A4009D470D /* PathViewCell.xib */; };
		FC803B4324E97D4E009D470D /* icon_dropdown.png in Resources */ = {isa = PBXBuildFile; fileRef = FC803B4124E97D4D009D470D /* icon_dropdown.png */; };
		FC803B4424E97D4E009D470D /* icon_search.png in Resources */ = {isa = PBXBuildFile; fileRef = FC803B4224E97D4E009D470D /* icon_search.png */; };
		FC803B4B24E99032009D470D /* test3.png in Resources */ = {isa = PBXBuildFile; fileRef = FC803B4624E99031009D470D /* test3.png */; };
		FC803B4C24E99032009D470D /* test1.png in Resources */ = {isa = PBXBuildFile; fileRef = FC803B4724E99031009D470D /* test1.png */; };
		FC803B4D24E99032009D470D /* test4.png in Resources */ = {isa = PBXBuildFile; fileRef = FC803B4824E99031009D470D /* test4.png */; };
		FC803B4E24E99032009D470D /* test5.png in Resources */ = {isa = PBXBuildFile; fileRef = FC803B4924E99032009D470D /* test5.png */; };
		FC803B4F24E99032009D470D /* test2.png in Resources */ = {isa = PBXBuildFile; fileRef = FC803B4A24E99032009D470D /* test2.png */; };
		FC803B5124E99078009D470D /* icon_flag_blue.png in Resources */ = {isa = PBXBuildFile; fileRef = FC803B5024E99077009D470D /* icon_flag_blue.png */; };
		FC803B5324EA1FC7009D470D /* CustomerProfileViewController.swift in Sources */ = {isa = PBXBuildFile; fileRef = FC803B5224EA1FC7009D470D /* CustomerProfileViewController.swift */; };
		FC803B5524EA2325009D470D /* icon_back_grey.png in Resources */ = {isa = PBXBuildFile; fileRef = FC803B5424EA2324009D470D /* icon_back_grey.png */; };
		FC803B5C24EA2677009D470D /* icon_trash.png in Resources */ = {isa = PBXBuildFile; fileRef = FC803B5824EA2676009D470D /* icon_trash.png */; };
		FC803B5D24EA2677009D470D /* icon_camera.png in Resources */ = {isa = PBXBuildFile; fileRef = FC803B5924EA2676009D470D /* icon_camera.png */; };
		FC803B5E24EA2677009D470D /* icon_radio_on.png in Resources */ = {isa = PBXBuildFile; fileRef = FC803B5A24EA2676009D470D /* icon_radio_on.png */; };
		FC803B5F24EA2677009D470D /* test_profile.png in Resources */ = {isa = PBXBuildFile; fileRef = FC803B5B24EA2676009D470D /* test_profile.png */; };
		FC803B6124EA283B009D470D /* RoundedLabel.swift in Sources */ = {isa = PBXBuildFile; fileRef = FC803B6024EA283B009D470D /* RoundedLabel.swift */; };
		FC803B6324EA496C009D470D /* DefaultViewController.swift in Sources */ = {isa = PBXBuildFile; fileRef = FC803B6224EA496C009D470D /* DefaultViewController.swift */; };
		FC97D4F124ED74BB00E30158 /* icon_add.png in Resources */ = {isa = PBXBuildFile; fileRef = FC97D4F024ED74BB00E30158 /* icon_add.png */; };
		FC97D4F424ED7AF200E30158 /* DesignerMyFoldersViewController.swift in Sources */ = {isa = PBXBuildFile; fileRef = FC97D4F324ED7AF200E30158 /* DesignerMyFoldersViewController.swift */; };
		FC97D4F624ED94B500E30158 /* img_empty_folder.png in Resources */ = {isa = PBXBuildFile; fileRef = FC97D4F524ED94B500E30158 /* img_empty_folder.png */; };
		FC97D4F824ED967200E30158 /* icon_add_white.png in Resources */ = {isa = PBXBuildFile; fileRef = FC97D4F724ED967200E30158 /* icon_add_white.png */; };
		FC97D4FA24ED987E00E30158 /* DesignerSideMenuViewController.swift in Sources */ = {isa = PBXBuildFile; fileRef = FC97D4F924ED987E00E30158 /* DesignerSideMenuViewController.swift */; };
		FC97D4FC24EDA95500E30158 /* CompleteDesignerProfileViewController.swift in Sources */ = {isa = PBXBuildFile; fileRef = FC97D4FB24EDA95500E30158 /* CompleteDesignerProfileViewController.swift */; };
		FCB07B0924EF828D00A2E5F1 /* CollaborationView.swift in Sources */ = {isa = PBXBuildFile; fileRef = FCB07B0824EF828C00A2E5F1 /* CollaborationView.swift */; };
		FCB07B0B24EF82B700A2E5F1 /* CollaborationView.xib in Resources */ = {isa = PBXBuildFile; fileRef = FCB07B0A24EF82B700A2E5F1 /* CollaborationView.xib */; };
		FCB07B0D24EF8F6B00A2E5F1 /* icon_link.png in Resources */ = {isa = PBXBuildFile; fileRef = FCB07B0C24EF8F6B00A2E5F1 /* icon_link.png */; };
		FCB07B0F24EFC8F000A2E5F1 /* icon_email.png in Resources */ = {isa = PBXBuildFile; fileRef = FCB07B0E24EFC8F000A2E5F1 /* icon_email.png */; };
		FCB07B1124EFCB6600A2E5F1 /* CollaborationTableViewCell.xib in Resources */ = {isa = PBXBuildFile; fileRef = FCB07B1024EFCB6600A2E5F1 /* CollaborationTableViewCell.xib */; };
		FCB07B1324EFCC4900A2E5F1 /* CollaborationTableViewCell.swift in Sources */ = {isa = PBXBuildFile; fileRef = FCB07B1224EFCC4900A2E5F1 /* CollaborationTableViewCell.swift */; };
		FCB07B1524EFCF7600A2E5F1 /* icon_added.png in Resources */ = {isa = PBXBuildFile; fileRef = FCB07B1424EFCF7600A2E5F1 /* icon_added.png */; };
		FCB07B1924F0114500A2E5F1 /* StageView.swift in Sources */ = {isa = PBXBuildFile; fileRef = FCB07B1824F0114500A2E5F1 /* StageView.swift */; };
		FCB07B1B24F0115F00A2E5F1 /* StageView.xib in Resources */ = {isa = PBXBuildFile; fileRef = FCB07B1A24F0115F00A2E5F1 /* StageView.xib */; };
		FCB07B1E24F0212200A2E5F1 /* icon_radio_off_grey.png in Resources */ = {isa = PBXBuildFile; fileRef = FCB07B1C24F0212200A2E5F1 /* icon_radio_off_grey.png */; };
		FCB07B1F24F0212200A2E5F1 /* icon_radio_on_grey.png in Resources */ = {isa = PBXBuildFile; fileRef = FCB07B1D24F0212200A2E5F1 /* icon_radio_on_grey.png */; };
		FCB07B2124F024AB00A2E5F1 /* icon_flag_grey.png in Resources */ = {isa = PBXBuildFile; fileRef = FCB07B2024F024AB00A2E5F1 /* icon_flag_grey.png */; };
		FCB07B2324F03EEE00A2E5F1 /* icon_calendar.png in Resources */ = {isa = PBXBuildFile; fileRef = FCB07B2224F03EEE00A2E5F1 /* icon_calendar.png */; };
		FCB07B2624F05A3400A2E5F1 /* GeneralInfoView.xib in Resources */ = {isa = PBXBuildFile; fileRef = FCB07B2524F05A3400A2E5F1 /* GeneralInfoView.xib */; };
		FCB07B2824F05A8400A2E5F1 /* GeneralInfoView.swift in Sources */ = {isa = PBXBuildFile; fileRef = FCB07B2724F05A8400A2E5F1 /* GeneralInfoView.swift */; };
		FCB07B2A24F062E300A2E5F1 /* bg_general_info.png in Resources */ = {isa = PBXBuildFile; fileRef = FCB07B2924F062E300A2E5F1 /* bg_general_info.png */; };
		FCC21F8F24E253F900D90C32 /* AppDelegate.swift in Sources */ = {isa = PBXBuildFile; fileRef = FCC21F8E24E253F900D90C32 /* AppDelegate.swift */; };
		FCC21F9124E253F900D90C32 /* SceneDelegate.swift in Sources */ = {isa = PBXBuildFile; fileRef = FCC21F9024E253F900D90C32 /* SceneDelegate.swift */; };
		FCC21F9324E253F900D90C32 /* ViewController.swift in Sources */ = {isa = PBXBuildFile; fileRef = FCC21F9224E253F900D90C32 /* ViewController.swift */; };
		FCC21F9624E253F900D90C32 /* Main.storyboard in Resources */ = {isa = PBXBuildFile; fileRef = FCC21F9424E253F900D90C32 /* Main.storyboard */; };
		FCC21F9824E2542300D90C32 /* Assets.xcassets in Resources */ = {isa = PBXBuildFile; fileRef = FCC21F9724E2542300D90C32 /* Assets.xcassets */; };
		FCC21F9B24E2542300D90C32 /* LaunchScreen.storyboard in Resources */ = {isa = PBXBuildFile; fileRef = FCC21F9924E2542300D90C32 /* LaunchScreen.storyboard */; };
		FCC21FA624E2542600D90C32 /* GombleTests.swift in Sources */ = {isa = PBXBuildFile; fileRef = FCC21FA524E2542600D90C32 /* GombleTests.swift */; };
		FCC21FB124E2542600D90C32 /* GombleUITests.swift in Sources */ = {isa = PBXBuildFile; fileRef = FCC21FB024E2542600D90C32 /* GombleUITests.swift */; };
		FCC21FBF24E37ECF00D90C32 /* GetStartedViewController.swift in Sources */ = {isa = PBXBuildFile; fileRef = FCC21FBE24E37ECF00D90C32 /* GetStartedViewController.swift */; };
		FCC21FC224E4CE8C00D90C32 /* SignInViewController.swift in Sources */ = {isa = PBXBuildFile; fileRef = FCC21FC124E4CE8C00D90C32 /* SignInViewController.swift */; };
		FCF08F2C24F3E73B0032A629 /* icon_save.png in Resources */ = {isa = PBXBuildFile; fileRef = FCF08F2B24F3E73B0032A629 /* icon_save.png */; };
		FCF08F2F24F3F29C0032A629 /* icon_delete.png in Resources */ = {isa = PBXBuildFile; fileRef = FCF08F2D24F3F29C0032A629 /* icon_delete.png */; };
		FCF08F3024F3F29C0032A629 /* icon_edit.png in Resources */ = {isa = PBXBuildFile; fileRef = FCF08F2E24F3F29C0032A629 /* icon_edit.png */; };
		FCF08F3224F3F7EC0032A629 /* CropperViewController.swift in Sources */ = {isa = PBXBuildFile; fileRef = FCF08F3124F3F7EC0032A629 /* CropperViewController.swift */; };
		FCF08F3524F406D00032A629 /* SketchesView.swift in Sources */ = {isa = PBXBuildFile; fileRef = FCF08F3424F406D00032A629 /* SketchesView.swift */; };
		FCF08F3724F406E90032A629 /* SketchesView.xib in Resources */ = {isa = PBXBuildFile; fileRef = FCF08F3624F406E90032A629 /* SketchesView.xib */; };
		FCF08F3924F407AB0032A629 /* DefaultView.swift in Sources */ = {isa = PBXBuildFile; fileRef = FCF08F3824F407AB0032A629 /* DefaultView.swift */; };
/* End PBXBuildFile section */

/* Begin PBXContainerItemProxy section */
		FCC21FA224E2542600D90C32 /* PBXContainerItemProxy */ = {
			isa = PBXContainerItemProxy;
			containerPortal = FCC21F8324E253F800D90C32 /* Project object */;
			proxyType = 1;
			remoteGlobalIDString = FCC21F8A24E253F800D90C32;
			remoteInfo = Gomble;
		};
		FCC21FAD24E2542600D90C32 /* PBXContainerItemProxy */ = {
			isa = PBXContainerItemProxy;
			containerPortal = FCC21F8324E253F800D90C32 /* Project object */;
			proxyType = 1;
			remoteGlobalIDString = FCC21F8A24E253F800D90C32;
			remoteInfo = Gomble;
		};
/* End PBXContainerItemProxy section */

/* Begin PBXFileReference section */
		03A999B77983F0CD59984179 /* Pods-Gomble-GombleUITests.debug.xcconfig */ = {isa = PBXFileReference; includeInIndex = 1; lastKnownFileType = text.xcconfig; name = "Pods-Gomble-GombleUITests.debug.xcconfig"; path = "Target Support Files/Pods-Gomble-GombleUITests/Pods-Gomble-GombleUITests.debug.xcconfig"; sourceTree = "<group>"; };
		06CDF9381293CDF5DF02A46E /* Pods-Gomble-GombleUITests.release.xcconfig */ = {isa = PBXFileReference; includeInIndex = 1; lastKnownFileType = text.xcconfig; name = "Pods-Gomble-GombleUITests.release.xcconfig"; path = "Target Support Files/Pods-Gomble-GombleUITests/Pods-Gomble-GombleUITests.release.xcconfig"; sourceTree = "<group>"; };
		0E244B01858383AA5A3DABA0 /* Pods-GombleTests.release.xcconfig */ = {isa = PBXFileReference; includeInIndex = 1; lastKnownFileType = text.xcconfig; name = "Pods-GombleTests.release.xcconfig"; path = "Target Support Files/Pods-GombleTests/Pods-GombleTests.release.xcconfig"; sourceTree = "<group>"; };
		1393FAB4854DF85E8E1C3250 /* Pods-Gomble.release.xcconfig */ = {isa = PBXFileReference; includeInIndex = 1; lastKnownFileType = text.xcconfig; name = "Pods-Gomble.release.xcconfig"; path = "Target Support Files/Pods-Gomble/Pods-Gomble.release.xcconfig"; sourceTree = "<group>"; };
		63E23430507CC1DA5AFC0CAB /* Pods_Gomble_GombleUITests.framework */ = {isa = PBXFileReference; explicitFileType = wrapper.framework; includeInIndex = 0; path = Pods_Gomble_GombleUITests.framework; sourceTree = BUILT_PRODUCTS_DIR; };
		85E718CDDD24CC65D2649B15 /* Pods-Gomble.debug.xcconfig */ = {isa = PBXFileReference; includeInIndex = 1; lastKnownFileType = text.xcconfig; name = "Pods-Gomble.debug.xcconfig"; path = "Target Support Files/Pods-Gomble/Pods-Gomble.debug.xcconfig"; sourceTree = "<group>"; };
		D0F3162F571D595A2A0BDE2F /* Pods_GombleTests.framework */ = {isa = PBXFileReference; explicitFileType = wrapper.framework; includeInIndex = 0; path = Pods_GombleTests.framework; sourceTree = BUILT_PRODUCTS_DIR; };
		E59E00A92A6127B7D683070A /* Pods_Gomble.framework */ = {isa = PBXFileReference; explicitFileType = wrapper.framework; includeInIndex = 0; path = Pods_Gomble.framework; sourceTree = BUILT_PRODUCTS_DIR; };
		FBB8C2AEEE06AB3AC59464D8 /* Pods-GombleTests.debug.xcconfig */ = {isa = PBXFileReference; includeInIndex = 1; lastKnownFileType = text.xcconfig; name = "Pods-GombleTests.debug.xcconfig"; path = "Target Support Files/Pods-GombleTests/Pods-GombleTests.debug.xcconfig"; sourceTree = "<group>"; };
		FC11672E24EE1A2E00AB6814 /* CreateFolderDesignerViewController.swift */ = {isa = PBXFileReference; lastKnownFileType = sourcecode.swift; path = CreateFolderDesignerViewController.swift; sourceTree = "<group>"; };
		FC11673224EE790900AB6814 /* Testdatabase.swift */ = {isa = PBXFileReference; lastKnownFileType = sourcecode.swift; path = Testdatabase.swift; sourceTree = "<group>"; };
		FC12064F24E58F6900E5F304 /* RoundedButton.swift */ = {isa = PBXFileReference; fileEncoding = 4; lastKnownFileType = sourcecode.swift; path = RoundedButton.swift; sourceTree = "<group>"; };
		FC12065024E58F9500E5F304 /* RoundedView.swift */ = {isa = PBXFileReference; fileEncoding = 4; lastKnownFileType = sourcecode.swift; path = RoundedView.swift; sourceTree = "<group>"; };
		FC12065324E5904300E5F304 /* RoundedTextField.swift */ = {isa = PBXFileReference; lastKnownFileType = sourcecode.swift; path = RoundedTextField.swift; sourceTree = "<group>"; };
		FC12065624E5A60000E5F304 /* Globals.swift */ = {isa = PBXFileReference; lastKnownFileType = sourcecode.swift; path = Globals.swift; sourceTree = "<group>"; };
		FC12065824E5AE5B00E5F304 /* Common.swift */ = {isa = PBXFileReference; fileEncoding = 4; lastKnownFileType = sourcecode.swift; path = Common.swift; sourceTree = "<group>"; };
		FC12065A24E5B3AA00E5F304 /* ForgotPasswordViewController.swift */ = {isa = PBXFileReference; lastKnownFileType = sourcecode.swift; path = ForgotPasswordViewController.swift; sourceTree = "<group>"; };
		FC12065C24E5B5A100E5F304 /* icon_back.png */ = {isa = PBXFileReference; lastKnownFileType = image.png; path = icon_back.png; sourceTree = "<group>"; };
		FC12065E24E5B98600E5F304 /* CreateNewPasswordViewController.swift */ = {isa = PBXFileReference; lastKnownFileType = sourcecode.swift; path = CreateNewPasswordViewController.swift; sourceTree = "<group>"; };
		FC12066024E5C58100E5F304 /* SelectTypeViewController.swift */ = {isa = PBXFileReference; lastKnownFileType = sourcecode.swift; path = SelectTypeViewController.swift; sourceTree = "<group>"; };
		FC12066224E5D43100E5F304 /* RoundedImageView.swift */ = {isa = PBXFileReference; lastKnownFileType = sourcecode.swift; path = RoundedImageView.swift; sourceTree = "<group>"; };
		FC12066524E5DADA00E5F304 /* bg_header.png */ = {isa = PBXFileReference; lastKnownFileType = image.png; path = bg_header.png; sourceTree = "<group>"; };
		FC12066724E5DDB400E5F304 /* Gilroy-ExtraBold.otf */ = {isa = PBXFileReference; lastKnownFileType = file; path = "Gilroy-ExtraBold.otf"; sourceTree = "<group>"; };
		FC12066824E5DDB500E5F304 /* Gilroy-Light.otf */ = {isa = PBXFileReference; lastKnownFileType = file; path = "Gilroy-Light.otf"; sourceTree = "<group>"; };
		FC43A8F224EC46B8005AF9BF /* MaterialItemCell.xib */ = {isa = PBXFileReference; fileEncoding = 4; lastKnownFileType = file.xib; path = MaterialItemCell.xib; sourceTree = "<group>"; };
		FC43A8F324EC46B8005AF9BF /* MaterialItemCollectionView.swift */ = {isa = PBXFileReference; fileEncoding = 4; lastKnownFileType = sourcecode.swift; path = MaterialItemCollectionView.swift; sourceTree = "<group>"; };
		FC43A8F624EC5A5C005AF9BF /* icon_check_circle.png */ = {isa = PBXFileReference; lastKnownFileType = image.png; path = icon_check_circle.png; sourceTree = "<group>"; };
		FC43A8F824EC5A64005AF9BF /* test_material.png */ = {isa = PBXFileReference; lastKnownFileType = image.png; path = test_material.png; sourceTree = "<group>"; };
		FC44BFB124E6F007008CD233 /* CustomerHomeViewController.swift */ = {isa = PBXFileReference; lastKnownFileType = sourcecode.swift; path = CustomerHomeViewController.swift; sourceTree = "<group>"; };
		FC44BFB324E6F603008CD233 /* CustomerSideMenuViewController.swift */ = {isa = PBXFileReference; lastKnownFileType = sourcecode.swift; path = CustomerSideMenuViewController.swift; sourceTree = "<group>"; };
		FC44BFB524E7066B008CD233 /* btn_close.png */ = {isa = PBXFileReference; lastKnownFileType = image.png; path = btn_close.png; sourceTree = "<group>"; };
		FC44BFB924E71345008CD233 /* CustomHeaderView.swift */ = {isa = PBXFileReference; lastKnownFileType = sourcecode.swift; path = CustomHeaderView.swift; sourceTree = "<group>"; };
		FC44BFBB24E715B8008CD233 /* CustomHeaderView.xib */ = {isa = PBXFileReference; lastKnownFileType = file.xib; path = CustomHeaderView.xib; sourceTree = "<group>"; };
		FC44BFBD24E71DDB008CD233 /* icon_settings.png */ = {isa = PBXFileReference; lastKnownFileType = image.png; path = icon_settings.png; sourceTree = "<group>"; };
		FC44BFBE24E71DDB008CD233 /* icon_home.png */ = {isa = PBXFileReference; lastKnownFileType = image.png; path = icon_home.png; sourceTree = "<group>"; };
		FC44BFBF24E71DDB008CD233 /* icon_notificationl.png */ = {isa = PBXFileReference; lastKnownFileType = image.png; path = icon_notificationl.png; sourceTree = "<group>"; };
		FC44BFC024E71DDB008CD233 /* icon_menu.png */ = {isa = PBXFileReference; lastKnownFileType = image.png; path = icon_menu.png; sourceTree = "<group>"; };
		FC4CB6F624EB18CC00FDDEC7 /* CustomerTechpackPreviewViewController.swift */ = {isa = PBXFileReference; lastKnownFileType = sourcecode.swift; path = CustomerTechpackPreviewViewController.swift; sourceTree = "<group>"; };
		FC4CB6F824EB2A0800FDDEC7 /* icon_full_screen.png */ = {isa = PBXFileReference; lastKnownFileType = image.png; path = icon_full_screen.png; sourceTree = "<group>"; };
		FC4CB6FA24EB2E9800FDDEC7 /* icon_next.png */ = {isa = PBXFileReference; lastKnownFileType = image.png; path = icon_next.png; sourceTree = "<group>"; };
		FC4CB6FB24EB2E9800FDDEC7 /* icon_previous.png */ = {isa = PBXFileReference; lastKnownFileType = image.png; path = icon_previous.png; sourceTree = "<group>"; };
		FC4CB6FE24EBD56800FDDEC7 /* CustomerTechpackPreviewDetailsViewController.swift */ = {isa = PBXFileReference; lastKnownFileType = sourcecode.swift; path = CustomerTechpackPreviewDetailsViewController.swift; sourceTree = "<group>"; };
		FC4CB70124EBD87D00FDDEC7 /* CustomerTechpackMaterialsViewController.swift */ = {isa = PBXFileReference; lastKnownFileType = sourcecode.swift; path = CustomerTechpackMaterialsViewController.swift; sourceTree = "<group>"; };
		FC4CB70324EBDA0F00FDDEC7 /* CustomerTechpackGeneralInfoViewController.swift */ = {isa = PBXFileReference; lastKnownFileType = sourcecode.swift; path = CustomerTechpackGeneralInfoViewController.swift; sourceTree = "<group>"; };
		FC4CB70524EBDB2600FDDEC7 /* CustomerTechpackOptionsViewController.swift */ = {isa = PBXFileReference; lastKnownFileType = sourcecode.swift; path = CustomerTechpackOptionsViewController.swift; sourceTree = "<group>"; };
		FC4CB70724EBDDE800FDDEC7 /* CustomerTechpackMeasurementsViewController.swift */ = {isa = PBXFileReference; lastKnownFileType = sourcecode.swift; path = CustomerTechpackMeasurementsViewController.swift; sourceTree = "<group>"; };
		FC4CB70924EBDE0F00FDDEC7 /* CustomerTechpackAboutDesignerViewController.swift */ = {isa = PBXFileReference; lastKnownFileType = sourcecode.swift; path = CustomerTechpackAboutDesignerViewController.swift; sourceTree = "<group>"; };
		FC4E967F24F3CBEB00EA6221 /* icon_add_grey.png */ = {isa = PBXFileReference; lastKnownFileType = image.png; path = icon_add_grey.png; sourceTree = "<group>"; };
		FC4E968024F3CBEB00EA6221 /* icon_add_dark_grey.png */ = {isa = PBXFileReference; lastKnownFileType = image.png; path = icon_add_dark_grey.png; sourceTree = "<group>"; };
		FC50826224EEBDDC0034D032 /* icon_option.png */ = {isa = PBXFileReference; lastKnownFileType = image.png; path = icon_option.png; sourceTree = "<group>"; };
		FC50826424EED3DE0034D032 /* DefaultDialogViewController.swift */ = {isa = PBXFileReference; lastKnownFileType = sourcecode.swift; path = DefaultDialogViewController.swift; sourceTree = "<group>"; };
		FC50826624EEE9FE0034D032 /* DesignerTechpacksViewController.swift */ = {isa = PBXFileReference; lastKnownFileType = sourcecode.swift; path = DesignerTechpacksViewController.swift; sourceTree = "<group>"; };
		FC50826824EEF4710034D032 /* img_empty_techpack.png */ = {isa = PBXFileReference; lastKnownFileType = image.png; path = img_empty_techpack.png; sourceTree = "<group>"; };
		FC50826A24EEF7070034D032 /* NewTechpackDesignerViewController.swift */ = {isa = PBXFileReference; lastKnownFileType = sourcecode.swift; path = NewTechpackDesignerViewController.swift; sourceTree = "<group>"; };
		FC50826C24EF0D110034D032 /* icon_left_arrow_white.png */ = {isa = PBXFileReference; lastKnownFileType = image.png; path = icon_left_arrow_white.png; sourceTree = "<group>"; };
		FC5B374224E5427500216DBD /* SignUpViewController.swift */ = {isa = PBXFileReference; lastKnownFileType = sourcecode.swift; path = SignUpViewController.swift; sourceTree = "<group>"; };
		FC5B374724E5849A00216DBD /* icon_check_off.png */ = {isa = PBXFileReference; lastKnownFileType = image.png; path = icon_check_off.png; sourceTree = "<group>"; };
		FC5B374824E5849B00216DBD /* icon_check_on.png */ = {isa = PBXFileReference; lastKnownFileType = image.png; path = icon_check_on.png; sourceTree = "<group>"; };
		FC5B374C24E589B200216DBD /* DMSans-Medium.ttf */ = {isa = PBXFileReference; lastKnownFileType = file; path = "DMSans-Medium.ttf"; sourceTree = "<group>"; };
		FC5B374D24E589B200216DBD /* DMSans-Regular.ttf */ = {isa = PBXFileReference; lastKnownFileType = file; path = "DMSans-Regular.ttf"; sourceTree = "<group>"; };
		FC5B374E24E589B200216DBD /* DMSans-Bold.ttf */ = {isa = PBXFileReference; lastKnownFileType = file; path = "DMSans-Bold.ttf"; sourceTree = "<group>"; };
		FC5B375224E58B9900216DBD /* logo.png */ = {isa = PBXFileReference; lastKnownFileType = image.png; path = logo.png; sourceTree = "<group>"; };
		FC64A5AF24EDCF4800E2AA70 /* RoundedTextView.swift */ = {isa = PBXFileReference; lastKnownFileType = sourcecode.swift; path = RoundedTextView.swift; sourceTree = "<group>"; };
		FC64A5B124EE031300E2AA70 /* icon_camera_grey.png */ = {isa = PBXFileReference; lastKnownFileType = image.png; path = icon_camera_grey.png; sourceTree = "<group>"; };
		FC67EFD924E624C500767A4F /* img_fashion_designer.png */ = {isa = PBXFileReference; lastKnownFileType = image.png; path = img_fashion_designer.png; sourceTree = "<group>"; };
		FC67EFDA24E624C500767A4F /* img_customer.png */ = {isa = PBXFileReference; lastKnownFileType = image.png; path = img_customer.png; sourceTree = "<group>"; };
		FC67EFDD24E6284E00767A4F /* icon_back_white.png */ = {isa = PBXFileReference; lastKnownFileType = image.png; path = icon_back_white.png; sourceTree = "<group>"; };
		FC803B3724E76431009D470D /* profile-anonymous.jpg */ = {isa = PBXFileReference; lastKnownFileType = image.jpeg; path = "profile-anonymous.jpg"; sourceTree = "<group>"; };
		FC803B3924E92915009D470D /* PathView.swift */ = {isa = PBXFileReference; lastKnownFileType = sourcecode.swift; path = PathView.swift; sourceTree = "<group>"; };
		FC803B3B24E92927009D470D /* PathView.xib */ = {isa = PBXFileReference; lastKnownFileType = file.xib; path = PathView.xib; sourceTree = "<group>"; };
		FC803B3D24E933C0009D470D /* PathViewCell.swift */ = {isa = PBXFileReference; lastKnownFileType = sourcecode.swift; path = PathViewCell.swift; sourceTree = "<group>"; };
		FC803B3F24E934A4009D470D /* PathViewCell.xib */ = {isa = PBXFileReference; lastKnownFileType = file.xib; path = PathViewCell.xib; sourceTree = "<group>"; };
		FC803B4124E97D4D009D470D /* icon_dropdown.png */ = {isa = PBXFileReference; lastKnownFileType = image.png; path = icon_dropdown.png; sourceTree = "<group>"; };
		FC803B4224E97D4E009D470D /* icon_search.png */ = {isa = PBXFileReference; lastKnownFileType = image.png; path = icon_search.png; sourceTree = "<group>"; };
		FC803B4624E99031009D470D /* test3.png */ = {isa = PBXFileReference; lastKnownFileType = image.png; path = test3.png; sourceTree = "<group>"; };
		FC803B4724E99031009D470D /* test1.png */ = {isa = PBXFileReference; lastKnownFileType = image.png; path = test1.png; sourceTree = "<group>"; };
		FC803B4824E99031009D470D /* test4.png */ = {isa = PBXFileReference; lastKnownFileType = image.png; path = test4.png; sourceTree = "<group>"; };
		FC803B4924E99032009D470D /* test5.png */ = {isa = PBXFileReference; lastKnownFileType = image.png; path = test5.png; sourceTree = "<group>"; };
		FC803B4A24E99032009D470D /* test2.png */ = {isa = PBXFileReference; lastKnownFileType = image.png; path = test2.png; sourceTree = "<group>"; };
		FC803B5024E99077009D470D /* icon_flag_blue.png */ = {isa = PBXFileReference; lastKnownFileType = image.png; path = icon_flag_blue.png; sourceTree = "<group>"; };
		FC803B5224EA1FC7009D470D /* CustomerProfileViewController.swift */ = {isa = PBXFileReference; lastKnownFileType = sourcecode.swift; path = CustomerProfileViewController.swift; sourceTree = "<group>"; };
		FC803B5424EA2324009D470D /* icon_back_grey.png */ = {isa = PBXFileReference; lastKnownFileType = image.png; path = icon_back_grey.png; sourceTree = "<group>"; };
		FC803B5824EA2676009D470D /* icon_trash.png */ = {isa = PBXFileReference; lastKnownFileType = image.png; path = icon_trash.png; sourceTree = "<group>"; };
		FC803B5924EA2676009D470D /* icon_camera.png */ = {isa = PBXFileReference; lastKnownFileType = image.png; path = icon_camera.png; sourceTree = "<group>"; };
		FC803B5A24EA2676009D470D /* icon_radio_on.png */ = {isa = PBXFileReference; lastKnownFileType = image.png; path = icon_radio_on.png; sourceTree = "<group>"; };
		FC803B5B24EA2676009D470D /* test_profile.png */ = {isa = PBXFileReference; lastKnownFileType = image.png; path = test_profile.png; sourceTree = "<group>"; };
		FC803B6024EA283B009D470D /* RoundedLabel.swift */ = {isa = PBXFileReference; lastKnownFileType = sourcecode.swift; path = RoundedLabel.swift; sourceTree = "<group>"; };
		FC803B6224EA496C009D470D /* DefaultViewController.swift */ = {isa = PBXFileReference; lastKnownFileType = sourcecode.swift; path = DefaultViewController.swift; sourceTree = "<group>"; };
		FC97D4F024ED74BB00E30158 /* icon_add.png */ = {isa = PBXFileReference; lastKnownFileType = image.png; path = icon_add.png; sourceTree = "<group>"; };
		FC97D4F324ED7AF200E30158 /* DesignerMyFoldersViewController.swift */ = {isa = PBXFileReference; lastKnownFileType = sourcecode.swift; path = DesignerMyFoldersViewController.swift; sourceTree = "<group>"; };
		FC97D4F524ED94B500E30158 /* img_empty_folder.png */ = {isa = PBXFileReference; lastKnownFileType = image.png; path = img_empty_folder.png; sourceTree = "<group>"; };
		FC97D4F724ED967200E30158 /* icon_add_white.png */ = {isa = PBXFileReference; lastKnownFileType = image.png; path = icon_add_white.png; sourceTree = "<group>"; };
		FC97D4F924ED987E00E30158 /* DesignerSideMenuViewController.swift */ = {isa = PBXFileReference; lastKnownFileType = sourcecode.swift; path = DesignerSideMenuViewController.swift; sourceTree = "<group>"; };
		FC97D4FB24EDA95500E30158 /* CompleteDesignerProfileViewController.swift */ = {isa = PBXFileReference; lastKnownFileType = sourcecode.swift; path = CompleteDesignerProfileViewController.swift; sourceTree = "<group>"; };
		FCB07B0824EF828C00A2E5F1 /* CollaborationView.swift */ = {isa = PBXFileReference; lastKnownFileType = sourcecode.swift; path = CollaborationView.swift; sourceTree = "<group>"; };
		FCB07B0A24EF82B700A2E5F1 /* CollaborationView.xib */ = {isa = PBXFileReference; lastKnownFileType = file.xib; path = CollaborationView.xib; sourceTree = "<group>"; };
		FCB07B0C24EF8F6B00A2E5F1 /* icon_link.png */ = {isa = PBXFileReference; lastKnownFileType = image.png; path = icon_link.png; sourceTree = "<group>"; };
		FCB07B0E24EFC8F000A2E5F1 /* icon_email.png */ = {isa = PBXFileReference; lastKnownFileType = image.png; path = icon_email.png; sourceTree = "<group>"; };
		FCB07B1024EFCB6600A2E5F1 /* CollaborationTableViewCell.xib */ = {isa = PBXFileReference; lastKnownFileType = file.xib; path = CollaborationTableViewCell.xib; sourceTree = "<group>"; };
		FCB07B1224EFCC4900A2E5F1 /* CollaborationTableViewCell.swift */ = {isa = PBXFileReference; lastKnownFileType = sourcecode.swift; path = CollaborationTableViewCell.swift; sourceTree = "<group>"; };
		FCB07B1424EFCF7600A2E5F1 /* icon_added.png */ = {isa = PBXFileReference; lastKnownFileType = image.png; path = icon_added.png; sourceTree = "<group>"; };
		FCB07B1824F0114500A2E5F1 /* StageView.swift */ = {isa = PBXFileReference; lastKnownFileType = sourcecode.swift; path = StageView.swift; sourceTree = "<group>"; };
		FCB07B1A24F0115F00A2E5F1 /* StageView.xib */ = {isa = PBXFileReference; lastKnownFileType = file.xib; path = StageView.xib; sourceTree = "<group>"; };
		FCB07B1C24F0212200A2E5F1 /* icon_radio_off_grey.png */ = {isa = PBXFileReference; lastKnownFileType = image.png; path = icon_radio_off_grey.png; sourceTree = "<group>"; };
		FCB07B1D24F0212200A2E5F1 /* icon_radio_on_grey.png */ = {isa = PBXFileReference; lastKnownFileType = image.png; path = icon_radio_on_grey.png; sourceTree = "<group>"; };
		FCB07B2024F024AB00A2E5F1 /* icon_flag_grey.png */ = {isa = PBXFileReference; lastKnownFileType = image.png; path = icon_flag_grey.png; sourceTree = "<group>"; };
		FCB07B2224F03EEE00A2E5F1 /* icon_calendar.png */ = {isa = PBXFileReference; lastKnownFileType = image.png; path = icon_calendar.png; sourceTree = "<group>"; };
		FCB07B2524F05A3400A2E5F1 /* GeneralInfoView.xib */ = {isa = PBXFileReference; lastKnownFileType = file.xib; path = GeneralInfoView.xib; sourceTree = "<group>"; };
		FCB07B2724F05A8400A2E5F1 /* GeneralInfoView.swift */ = {isa = PBXFileReference; lastKnownFileType = sourcecode.swift; path = GeneralInfoView.swift; sourceTree = "<group>"; };
		FCB07B2924F062E300A2E5F1 /* bg_general_info.png */ = {isa = PBXFileReference; lastKnownFileType = image.png; path = bg_general_info.png; sourceTree = "<group>"; };
		FCC21F8B24E253F900D90C32 /* Gomble.app */ = {isa = PBXFileReference; explicitFileType = wrapper.application; includeInIndex = 0; path = Gomble.app; sourceTree = BUILT_PRODUCTS_DIR; };
		FCC21F8E24E253F900D90C32 /* AppDelegate.swift */ = {isa = PBXFileReference; lastKnownFileType = sourcecode.swift; path = AppDelegate.swift; sourceTree = "<group>"; };
		FCC21F9024E253F900D90C32 /* SceneDelegate.swift */ = {isa = PBXFileReference; lastKnownFileType = sourcecode.swift; path = SceneDelegate.swift; sourceTree = "<group>"; };
		FCC21F9224E253F900D90C32 /* ViewController.swift */ = {isa = PBXFileReference; lastKnownFileType = sourcecode.swift; path = ViewController.swift; sourceTree = "<group>"; };
		FCC21F9524E253F900D90C32 /* Base */ = {isa = PBXFileReference; lastKnownFileType = file.storyboard; name = Base; path = Base.lproj/Main.storyboard; sourceTree = "<group>"; };
		FCC21F9724E2542300D90C32 /* Assets.xcassets */ = {isa = PBXFileReference; lastKnownFileType = folder.assetcatalog; path = Assets.xcassets; sourceTree = "<group>"; };
		FCC21F9A24E2542300D90C32 /* Base */ = {isa = PBXFileReference; lastKnownFileType = file.storyboard; name = Base; path = Base.lproj/LaunchScreen.storyboard; sourceTree = "<group>"; };
		FCC21F9C24E2542300D90C32 /* Info.plist */ = {isa = PBXFileReference; lastKnownFileType = text.plist.xml; path = Info.plist; sourceTree = "<group>"; };
		FCC21FA124E2542600D90C32 /* GombleTests.xctest */ = {isa = PBXFileReference; explicitFileType = wrapper.cfbundle; includeInIndex = 0; path = GombleTests.xctest; sourceTree = BUILT_PRODUCTS_DIR; };
		FCC21FA524E2542600D90C32 /* GombleTests.swift */ = {isa = PBXFileReference; lastKnownFileType = sourcecode.swift; path = GombleTests.swift; sourceTree = "<group>"; };
		FCC21FA724E2542600D90C32 /* Info.plist */ = {isa = PBXFileReference; lastKnownFileType = text.plist.xml; path = Info.plist; sourceTree = "<group>"; };
		FCC21FAC24E2542600D90C32 /* GombleUITests.xctest */ = {isa = PBXFileReference; explicitFileType = wrapper.cfbundle; includeInIndex = 0; path = GombleUITests.xctest; sourceTree = BUILT_PRODUCTS_DIR; };
		FCC21FB024E2542600D90C32 /* GombleUITests.swift */ = {isa = PBXFileReference; lastKnownFileType = sourcecode.swift; path = GombleUITests.swift; sourceTree = "<group>"; };
		FCC21FB224E2542600D90C32 /* Info.plist */ = {isa = PBXFileReference; lastKnownFileType = text.plist.xml; path = Info.plist; sourceTree = "<group>"; };
		FCC21FBE24E37ECF00D90C32 /* GetStartedViewController.swift */ = {isa = PBXFileReference; lastKnownFileType = sourcecode.swift; path = GetStartedViewController.swift; sourceTree = "<group>"; };
		FCC21FC124E4CE8C00D90C32 /* SignInViewController.swift */ = {isa = PBXFileReference; lastKnownFileType = sourcecode.swift; path = SignInViewController.swift; sourceTree = "<group>"; };
		FCF08F2B24F3E73B0032A629 /* icon_save.png */ = {isa = PBXFileReference; lastKnownFileType = image.png; path = icon_save.png; sourceTree = "<group>"; };
		FCF08F2D24F3F29C0032A629 /* icon_delete.png */ = {isa = PBXFileReference; lastKnownFileType = image.png; path = icon_delete.png; sourceTree = "<group>"; };
		FCF08F2E24F3F29C0032A629 /* icon_edit.png */ = {isa = PBXFileReference; lastKnownFileType = image.png; path = icon_edit.png; sourceTree = "<group>"; };
		FCF08F3124F3F7EC0032A629 /* CropperViewController.swift */ = {isa = PBXFileReference; fileEncoding = 4; lastKnownFileType = sourcecode.swift; path = CropperViewController.swift; sourceTree = "<group>"; };
		FCF08F3424F406D00032A629 /* SketchesView.swift */ = {isa = PBXFileReference; lastKnownFileType = sourcecode.swift; path = SketchesView.swift; sourceTree = "<group>"; };
		FCF08F3624F406E90032A629 /* SketchesView.xib */ = {isa = PBXFileReference; lastKnownFileType = file.xib; path = SketchesView.xib; sourceTree = "<group>"; };
		FCF08F3824F407AB0032A629 /* DefaultView.swift */ = {isa = PBXFileReference; lastKnownFileType = sourcecode.swift; path = DefaultView.swift; sourceTree = "<group>"; };
/* End PBXFileReference section */

/* Begin PBXFrameworksBuildPhase section */
		FCC21F8824E253F800D90C32 /* Frameworks */ = {
			isa = PBXFrameworksBuildPhase;
			buildActionMask = 2147483647;
			files = (
				2B1E251F5063B7827B955424 /* Pods_Gomble.framework in Frameworks */,
			);
			runOnlyForDeploymentPostprocessing = 0;
		};
		FCC21F9E24E2542600D90C32 /* Frameworks */ = {
			isa = PBXFrameworksBuildPhase;
			buildActionMask = 2147483647;
			files = (
				CD7CC49D0F92F6DF29A84895 /* Pods_GombleTests.framework in Frameworks */,
			);
			runOnlyForDeploymentPostprocessing = 0;
		};
		FCC21FA924E2542600D90C32 /* Frameworks */ = {
			isa = PBXFrameworksBuildPhase;
			buildActionMask = 2147483647;
			files = (
				D17F968786EB128B81BB710F /* Pods_Gomble_GombleUITests.framework in Frameworks */,
			);
			runOnlyForDeploymentPostprocessing = 0;
		};
/* End PBXFrameworksBuildPhase section */

/* Begin PBXGroup section */
		0510E4AAAE7D361E829E77D7 /* Frameworks */ = {
			isa = PBXGroup;
			children = (
				E59E00A92A6127B7D683070A /* Pods_Gomble.framework */,
				63E23430507CC1DA5AFC0CAB /* Pods_Gomble_GombleUITests.framework */,
				D0F3162F571D595A2A0BDE2F /* Pods_GombleTests.framework */,
			);
			name = Frameworks;
			sourceTree = "<group>";
		};
		828D7C6692F0EB3E382B14F8 /* Pods */ = {
			isa = PBXGroup;
			children = (
				85E718CDDD24CC65D2649B15 /* Pods-Gomble.debug.xcconfig */,
				1393FAB4854DF85E8E1C3250 /* Pods-Gomble.release.xcconfig */,
				03A999B77983F0CD59984179 /* Pods-Gomble-GombleUITests.debug.xcconfig */,
				06CDF9381293CDF5DF02A46E /* Pods-Gomble-GombleUITests.release.xcconfig */,
				FBB8C2AEEE06AB3AC59464D8 /* Pods-GombleTests.debug.xcconfig */,
				0E244B01858383AA5A3DABA0 /* Pods-GombleTests.release.xcconfig */,
			);
			path = Pods;
			sourceTree = "<group>";
		};
		FC11673124EE788500AB6814 /* Database */ = {
			isa = PBXGroup;
			children = (
				FC11673224EE790900AB6814 /* Testdatabase.swift */,
			);
			path = Database;
			sourceTree = "<group>";
		};
		FC12065524E5A5DE00E5F304 /* Config */ = {
			isa = PBXGroup;
			children = (
				FC12065624E5A60000E5F304 /* Globals.swift */,
				FC12065824E5AE5B00E5F304 /* Common.swift */,
				FCF08F3124F3F7EC0032A629 /* CropperViewController.swift */,
			);
			path = Config;
			sourceTree = "<group>";
		};
		FC12066424E5D47600E5F304 /* views */ = {
			isa = PBXGroup;
			children = (
				FCB07B0724EF7F7400A2E5F1 /* techpack */,
				FC44BFB824E71302008CD233 /* Header */,
				FC44BFB724E712F0008CD233 /* Rounded */,
				FCF08F3824F407AB0032A629 /* DefaultView.swift */,
			);
			path = views;
			sourceTree = "<group>";
		};
		FC43A8F124EC4681005AF9BF /* MaterialItemCollectionView */ = {
			isa = PBXGroup;
			children = (
				FC43A8F224EC46B8005AF9BF /* MaterialItemCell.xib */,
				FC43A8F324EC46B8005AF9BF /* MaterialItemCollectionView.swift */,
			);
			path = MaterialItemCollectionView;
			sourceTree = "<group>";
		};
		FC44BFB724E712F0008CD233 /* Rounded */ = {
			isa = PBXGroup;
			children = (
				FC12064F24E58F6900E5F304 /* RoundedButton.swift */,
				FC803B6024EA283B009D470D /* RoundedLabel.swift */,
				FC12065324E5904300E5F304 /* RoundedTextField.swift */,
				FC12065024E58F9500E5F304 /* RoundedView.swift */,
				FC64A5AF24EDCF4800E2AA70 /* RoundedTextView.swift */,
				FC12066224E5D43100E5F304 /* RoundedImageView.swift */,
			);
			path = Rounded;
			sourceTree = "<group>";
		};
		FC44BFB824E71302008CD233 /* Header */ = {
			isa = PBXGroup;
			children = (
				FC44BFB924E71345008CD233 /* CustomHeaderView.swift */,
				FC44BFBB24E715B8008CD233 /* CustomHeaderView.xib */,
				FC803B3924E92915009D470D /* PathView.swift */,
				FC803B3B24E92927009D470D /* PathView.xib */,
				FC803B3D24E933C0009D470D /* PathViewCell.swift */,
				FC803B3F24E934A4009D470D /* PathViewCell.xib */,
			);
			path = Header;
			sourceTree = "<group>";
		};
		FC4CB70024EBD81E00FDDEC7 /* CustomerTechpackPreview */ = {
			isa = PBXGroup;
			children = (
				FC4CB6F624EB18CC00FDDEC7 /* CustomerTechpackPreviewViewController.swift */,
				FC4CB6FE24EBD56800FDDEC7 /* CustomerTechpackPreviewDetailsViewController.swift */,
				FC4CB70124EBD87D00FDDEC7 /* CustomerTechpackMaterialsViewController.swift */,
				FC4CB70324EBDA0F00FDDEC7 /* CustomerTechpackGeneralInfoViewController.swift */,
				FC4CB70524EBDB2600FDDEC7 /* CustomerTechpackOptionsViewController.swift */,
				FC4CB70724EBDDE800FDDEC7 /* CustomerTechpackMeasurementsViewController.swift */,
				FC4CB70924EBDE0F00FDDEC7 /* CustomerTechpackAboutDesignerViewController.swift */,
				FC43A8F124EC4681005AF9BF /* MaterialItemCollectionView */,
			);
			path = CustomerTechpackPreview;
			sourceTree = "<group>";
		};
		FC5B374524E5848600216DBD /* resources */ = {
			isa = PBXGroup;
			children = (
				FC803B4524E9885E009D470D /* test assets */,
				FC5B374B24E5899600216DBD /* fonts */,
				FC5B374624E5849100216DBD /* images */,
			);
			path = resources;
			sourceTree = "<group>";
		};
		FC5B374624E5849100216DBD /* images */ = {
			isa = PBXGroup;
			children = (
				FCF08F2D24F3F29C0032A629 /* icon_delete.png */,
				FCF08F2E24F3F29C0032A629 /* icon_edit.png */,
				FCF08F2B24F3E73B0032A629 /* icon_save.png */,
				FC4E968024F3CBEB00EA6221 /* icon_add_dark_grey.png */,
				FC4E967F24F3CBEB00EA6221 /* icon_add_grey.png */,
				FCB07B2924F062E300A2E5F1 /* bg_general_info.png */,
				FCB07B2224F03EEE00A2E5F1 /* icon_calendar.png */,
				FCB07B2024F024AB00A2E5F1 /* icon_flag_grey.png */,
				FCB07B1C24F0212200A2E5F1 /* icon_radio_off_grey.png */,
				FCB07B1D24F0212200A2E5F1 /* icon_radio_on_grey.png */,
				FCB07B1424EFCF7600A2E5F1 /* icon_added.png */,
				FCB07B0E24EFC8F000A2E5F1 /* icon_email.png */,
				FCB07B0C24EF8F6B00A2E5F1 /* icon_link.png */,
				FC50826C24EF0D110034D032 /* icon_left_arrow_white.png */,
				FC50826824EEF4710034D032 /* img_empty_techpack.png */,
				FC50826224EEBDDC0034D032 /* icon_option.png */,
				FC64A5B124EE031300E2AA70 /* icon_camera_grey.png */,
				FC97D4F724ED967200E30158 /* icon_add_white.png */,
				FC97D4F524ED94B500E30158 /* img_empty_folder.png */,
				FC97D4F024ED74BB00E30158 /* icon_add.png */,
				FC43A8F624EC5A5C005AF9BF /* icon_check_circle.png */,
				FC4CB6FA24EB2E9800FDDEC7 /* icon_next.png */,
				FC4CB6FB24EB2E9800FDDEC7 /* icon_previous.png */,
				FC4CB6F824EB2A0800FDDEC7 /* icon_full_screen.png */,
				FC803B5924EA2676009D470D /* icon_camera.png */,
				FC803B5A24EA2676009D470D /* icon_radio_on.png */,
				FC803B5824EA2676009D470D /* icon_trash.png */,
				FC803B5024E99077009D470D /* icon_flag_blue.png */,
				FC803B4124E97D4D009D470D /* icon_dropdown.png */,
				FC803B4224E97D4E009D470D /* icon_search.png */,
				FC803B3724E76431009D470D /* profile-anonymous.jpg */,
				FC44BFBE24E71DDB008CD233 /* icon_home.png */,
				FC44BFC024E71DDB008CD233 /* icon_menu.png */,
				FC44BFBF24E71DDB008CD233 /* icon_notificationl.png */,
				FC44BFBD24E71DDB008CD233 /* icon_settings.png */,
				FC44BFB524E7066B008CD233 /* btn_close.png */,
				FC67EFDD24E6284E00767A4F /* icon_back_white.png */,
				FC67EFDA24E624C500767A4F /* img_customer.png */,
				FC67EFD924E624C500767A4F /* img_fashion_designer.png */,
				FC5B375224E58B9900216DBD /* logo.png */,
				FC5B374724E5849A00216DBD /* icon_check_off.png */,
				FC5B374824E5849B00216DBD /* icon_check_on.png */,
				FC12065C24E5B5A100E5F304 /* icon_back.png */,
				FC12066524E5DADA00E5F304 /* bg_header.png */,
				FC803B5424EA2324009D470D /* icon_back_grey.png */,
			);
			path = images;
			sourceTree = "<group>";
		};
		FC5B374B24E5899600216DBD /* fonts */ = {
			isa = PBXGroup;
			children = (
				FC5B374E24E589B200216DBD /* DMSans-Bold.ttf */,
				FC5B374C24E589B200216DBD /* DMSans-Medium.ttf */,
				FC5B374D24E589B200216DBD /* DMSans-Regular.ttf */,
				FC12066724E5DDB400E5F304 /* Gilroy-ExtraBold.otf */,
				FC12066824E5DDB500E5F304 /* Gilroy-Light.otf */,
			);
			path = fonts;
			sourceTree = "<group>";
		};
		FC803B4524E9885E009D470D /* test assets */ = {
			isa = PBXGroup;
			children = (
				FC43A8F824EC5A64005AF9BF /* test_material.png */,
				FC803B4724E99031009D470D /* test1.png */,
				FC803B4A24E99032009D470D /* test2.png */,
				FC803B4624E99031009D470D /* test3.png */,
				FC803B4824E99031009D470D /* test4.png */,
				FC803B4924E99032009D470D /* test5.png */,
				FC803B5B24EA2676009D470D /* test_profile.png */,
			);
			path = "test assets";
			sourceTree = "<group>";
		};
		FC97D4EF24ED70B500E30158 /* Designer */ = {
			isa = PBXGroup;
			children = (
				FC97D4F324ED7AF200E30158 /* DesignerMyFoldersViewController.swift */,
				FC97D4F924ED987E00E30158 /* DesignerSideMenuViewController.swift */,
				FC97D4FB24EDA95500E30158 /* CompleteDesignerProfileViewController.swift */,
				FC11672E24EE1A2E00AB6814 /* CreateFolderDesignerViewController.swift */,
				FC50826624EEE9FE0034D032 /* DesignerTechpacksViewController.swift */,
				FC50826A24EEF7070034D032 /* NewTechpackDesignerViewController.swift */,
			);
			path = Designer;
			sourceTree = "<group>";
		};
		FC97D4F224ED7A1800E30158 /* General */ = {
			isa = PBXGroup;
			children = (
				FC803B6224EA496C009D470D /* DefaultViewController.swift */,
				FC50826424EED3DE0034D032 /* DefaultDialogViewController.swift */,
			);
			path = General;
			sourceTree = "<group>";
		};
		FCB07B0724EF7F7400A2E5F1 /* techpack */ = {
			isa = PBXGroup;
			children = (
				FCF08F3324F406410032A629 /* sketches */,
				FCB07B2424F05A0700A2E5F1 /* GeneralInfo */,
				FCB07B1724F0109500A2E5F1 /* Stage */,
				FCB07B1624F0108000A2E5F1 /* Collaboration */,
			);
			path = techpack;
			sourceTree = "<group>";
		};
		FCB07B1624F0108000A2E5F1 /* Collaboration */ = {
			isa = PBXGroup;
			children = (
				FCB07B0824EF828C00A2E5F1 /* CollaborationView.swift */,
				FCB07B0A24EF82B700A2E5F1 /* CollaborationView.xib */,
				FCB07B1024EFCB6600A2E5F1 /* CollaborationTableViewCell.xib */,
				FCB07B1224EFCC4900A2E5F1 /* CollaborationTableViewCell.swift */,
			);
			path = Collaboration;
			sourceTree = "<group>";
		};
		FCB07B1724F0109500A2E5F1 /* Stage */ = {
			isa = PBXGroup;
			children = (
				FCB07B1824F0114500A2E5F1 /* StageView.swift */,
				FCB07B1A24F0115F00A2E5F1 /* StageView.xib */,
			);
			path = Stage;
			sourceTree = "<group>";
		};
		FCB07B2424F05A0700A2E5F1 /* GeneralInfo */ = {
			isa = PBXGroup;
			children = (
				FCB07B2724F05A8400A2E5F1 /* GeneralInfoView.swift */,
				FCB07B2524F05A3400A2E5F1 /* GeneralInfoView.xib */,
			);
			path = GeneralInfo;
			sourceTree = "<group>";
		};
		FCC21F8224E253F800D90C32 = {
			isa = PBXGroup;
			children = (
				FCC21F8D24E253F900D90C32 /* Gomble */,
				FCC21FA424E2542600D90C32 /* GombleTests */,
				FCC21FAF24E2542600D90C32 /* GombleUITests */,
				FCC21F8C24E253F900D90C32 /* Products */,
				828D7C6692F0EB3E382B14F8 /* Pods */,
				0510E4AAAE7D361E829E77D7 /* Frameworks */,
			);
			sourceTree = "<group>";
		};
		FCC21F8C24E253F900D90C32 /* Products */ = {
			isa = PBXGroup;
			children = (
				FCC21F8B24E253F900D90C32 /* Gomble.app */,
				FCC21FA124E2542600D90C32 /* GombleTests.xctest */,
				FCC21FAC24E2542600D90C32 /* GombleUITests.xctest */,
			);
			name = Products;
			sourceTree = "<group>";
		};
		FCC21F8D24E253F900D90C32 /* Gomble */ = {
			isa = PBXGroup;
			children = (
				FC5B374524E5848600216DBD /* resources */,
				FCC21F8E24E253F900D90C32 /* AppDelegate.swift */,
				FCC21F9024E253F900D90C32 /* SceneDelegate.swift */,
				FCC21F9224E253F900D90C32 /* ViewController.swift */,
				FCC21FC024E37ED500D90C32 /* ViewController */,
				FC12066424E5D47600E5F304 /* views */,
				FC12065524E5A5DE00E5F304 /* Config */,
				FC11673124EE788500AB6814 /* Database */,
				FCC21F9424E253F900D90C32 /* Main.storyboard */,
				FCC21F9724E2542300D90C32 /* Assets.xcassets */,
				FCC21F9924E2542300D90C32 /* LaunchScreen.storyboard */,
				FCC21F9C24E2542300D90C32 /* Info.plist */,
			);
			path = Gomble;
			sourceTree = "<group>";
		};
		FCC21FA424E2542600D90C32 /* GombleTests */ = {
			isa = PBXGroup;
			children = (
				FCC21FA524E2542600D90C32 /* GombleTests.swift */,
				FCC21FA724E2542600D90C32 /* Info.plist */,
			);
			path = GombleTests;
			sourceTree = "<group>";
		};
		FCC21FAF24E2542600D90C32 /* GombleUITests */ = {
			isa = PBXGroup;
			children = (
				FCC21FB024E2542600D90C32 /* GombleUITests.swift */,
				FCC21FB224E2542600D90C32 /* Info.plist */,
			);
			path = GombleUITests;
			sourceTree = "<group>";
		};
		FCC21FC024E37ED500D90C32 /* ViewController */ = {
			isa = PBXGroup;
			children = (
				FC97D4F224ED7A1800E30158 /* General */,
				FC97D4EF24ED70B500E30158 /* Designer */,
				FCF374CA24E6CFE20035B84D /* Customer */,
				FCF374C924E6CFC10035B84D /* GetStarted */,
			);
			path = ViewController;
			sourceTree = "<group>";
		};
		FCF08F3324F406410032A629 /* sketches */ = {
			isa = PBXGroup;
			children = (
				FCF08F3424F406D00032A629 /* SketchesView.swift */,
				FCF08F3624F406E90032A629 /* SketchesView.xib */,
			);
			path = sketches;
			sourceTree = "<group>";
		};
		FCF374C924E6CFC10035B84D /* GetStarted */ = {
			isa = PBXGroup;
			children = (
				FCC21FBE24E37ECF00D90C32 /* GetStartedViewController.swift */,
				FCC21FC124E4CE8C00D90C32 /* SignInViewController.swift */,
				FC5B374224E5427500216DBD /* SignUpViewController.swift */,
				FC12065A24E5B3AA00E5F304 /* ForgotPasswordViewController.swift */,
				FC12065E24E5B98600E5F304 /* CreateNewPasswordViewController.swift */,
				FC12066024E5C58100E5F304 /* SelectTypeViewController.swift */,
			);
			path = GetStarted;
			sourceTree = "<group>";
		};
		FCF374CA24E6CFE20035B84D /* Customer */ = {
			isa = PBXGroup;
			children = (
				FC44BFB124E6F007008CD233 /* CustomerHomeViewController.swift */,
				FC44BFB324E6F603008CD233 /* CustomerSideMenuViewController.swift */,
				FC803B5224EA1FC7009D470D /* CustomerProfileViewController.swift */,
				FC4CB70024EBD81E00FDDEC7 /* CustomerTechpackPreview */,
			);
			path = Customer;
			sourceTree = "<group>";
		};
/* End PBXGroup section */

/* Begin PBXNativeTarget section */
		FCC21F8A24E253F800D90C32 /* Gomble */ = {
			isa = PBXNativeTarget;
			buildConfigurationList = FCC21FB524E2542600D90C32 /* Build configuration list for PBXNativeTarget "Gomble" */;
			buildPhases = (
				03BE43735431B3D3E03A13A6 /* [CP] Check Pods Manifest.lock */,
				FCC21F8724E253F800D90C32 /* Sources */,
				FCC21F8824E253F800D90C32 /* Frameworks */,
				FCC21F8924E253F800D90C32 /* Resources */,
				00F7223D7ADBFC2A246D2C03 /* [CP] Embed Pods Frameworks */,
			);
			buildRules = (
			);
			dependencies = (
			);
			name = Gomble;
			productName = Gomble;
			productReference = FCC21F8B24E253F900D90C32 /* Gomble.app */;
			productType = "com.apple.product-type.application";
		};
		FCC21FA024E2542600D90C32 /* GombleTests */ = {
			isa = PBXNativeTarget;
			buildConfigurationList = FCC21FB824E2542600D90C32 /* Build configuration list for PBXNativeTarget "GombleTests" */;
			buildPhases = (
				463309CE8BB8DAD3AC5974FF /* [CP] Check Pods Manifest.lock */,
				FCC21F9D24E2542600D90C32 /* Sources */,
				FCC21F9E24E2542600D90C32 /* Frameworks */,
				FCC21F9F24E2542600D90C32 /* Resources */,
			);
			buildRules = (
			);
			dependencies = (
				FCC21FA324E2542600D90C32 /* PBXTargetDependency */,
			);
			name = GombleTests;
			productName = GombleTests;
			productReference = FCC21FA124E2542600D90C32 /* GombleTests.xctest */;
			productType = "com.apple.product-type.bundle.unit-test";
		};
		FCC21FAB24E2542600D90C32 /* GombleUITests */ = {
			isa = PBXNativeTarget;
			buildConfigurationList = FCC21FBB24E2542600D90C32 /* Build configuration list for PBXNativeTarget "GombleUITests" */;
			buildPhases = (
				62374991BE994D37E2119B44 /* [CP] Check Pods Manifest.lock */,
				FCC21FA824E2542600D90C32 /* Sources */,
				FCC21FA924E2542600D90C32 /* Frameworks */,
				FCC21FAA24E2542600D90C32 /* Resources */,
				02B517168C9F187219432CB7 /* [CP] Embed Pods Frameworks */,
			);
			buildRules = (
			);
			dependencies = (
				FCC21FAE24E2542600D90C32 /* PBXTargetDependency */,
			);
			name = GombleUITests;
			productName = GombleUITests;
			productReference = FCC21FAC24E2542600D90C32 /* GombleUITests.xctest */;
			productType = "com.apple.product-type.bundle.ui-testing";
		};
/* End PBXNativeTarget section */

/* Begin PBXProject section */
		FCC21F8324E253F800D90C32 /* Project object */ = {
			isa = PBXProject;
			attributes = {
				LastSwiftUpdateCheck = 1160;
				LastUpgradeCheck = 1160;
				ORGANIZATIONNAME = "Haley Huynh";
				TargetAttributes = {
					FCC21F8A24E253F800D90C32 = {
						CreatedOnToolsVersion = 11.6;
					};
					FCC21FA024E2542600D90C32 = {
						CreatedOnToolsVersion = 11.6;
						TestTargetID = FCC21F8A24E253F800D90C32;
					};
					FCC21FAB24E2542600D90C32 = {
						CreatedOnToolsVersion = 11.6;
						TestTargetID = FCC21F8A24E253F800D90C32;
					};
				};
			};
			buildConfigurationList = FCC21F8624E253F800D90C32 /* Build configuration list for PBXProject "Gomble" */;
			compatibilityVersion = "Xcode 9.3";
			developmentRegion = en;
			hasScannedForEncodings = 0;
			knownRegions = (
				en,
				Base,
			);
			mainGroup = FCC21F8224E253F800D90C32;
			productRefGroup = FCC21F8C24E253F900D90C32 /* Products */;
			projectDirPath = "";
			projectRoot = "";
			targets = (
				FCC21F8A24E253F800D90C32 /* Gomble */,
				FCC21FA024E2542600D90C32 /* GombleTests */,
				FCC21FAB24E2542600D90C32 /* GombleUITests */,
			);
		};
/* End PBXProject section */

/* Begin PBXResourcesBuildPhase section */
		FCC21F8924E253F800D90C32 /* Resources */ = {
			isa = PBXResourcesBuildPhase;
			buildActionMask = 2147483647;
			files = (
				FCC21F9B24E2542300D90C32 /* LaunchScreen.storyboard in Resources */,
				FC97D4F124ED74BB00E30158 /* icon_add.png in Resources */,
				FC5B375024E589B200216DBD /* DMSans-Regular.ttf in Resources */,
				FC803B4D24E99032009D470D /* test4.png in Resources */,
				FC97D4F824ED967200E30158 /* icon_add_white.png in Resources */,
				FC50826324EEBDDC0034D032 /* icon_option.png in Resources */,
				FCF08F2F24F3F29C0032A629 /* icon_delete.png in Resources */,
				FC67EFDC24E624C500767A4F /* img_customer.png in Resources */,
				FC803B4324E97D4E009D470D /* icon_dropdown.png in Resources */,
				FCB07B1124EFCB6600A2E5F1 /* CollaborationTableViewCell.xib in Resources */,
				FC5B375324E58B9900216DBD /* logo.png in Resources */,
				FCF08F3724F406E90032A629 /* SketchesView.xib in Resources */,
				FC803B4424E97D4E009D470D /* icon_search.png in Resources */,
				FC4E968124F3CBEC00EA6221 /* icon_add_grey.png in Resources */,
				FCB07B1E24F0212200A2E5F1 /* icon_radio_off_grey.png in Resources */,
				FCF08F3024F3F29C0032A629 /* icon_edit.png in Resources */,
				FCB07B0D24EF8F6B00A2E5F1 /* icon_link.png in Resources */,
				FC44BFBC24E715B8008CD233 /* CustomHeaderView.xib in Resources */,
				FC44BFC124E71DDB008CD233 /* icon_settings.png in Resources */,
				FC803B5F24EA2677009D470D /* test_profile.png in Resources */,
				FC43A8F924EC5A64005AF9BF /* test_material.png in Resources */,
				FC43A8F424EC46B8005AF9BF /* MaterialItemCell.xib in Resources */,
				FC803B4C24E99032009D470D /* test1.png in Resources */,
				FCB07B1F24F0212200A2E5F1 /* icon_radio_on_grey.png in Resources */,
				FC67EFDB24E624C500767A4F /* img_fashion_designer.png in Resources */,
				FC12065D24E5B5A100E5F304 /* icon_back.png in Resources */,
				FCB07B0B24EF82B700A2E5F1 /* CollaborationView.xib in Resources */,
				FC5B374924E5849B00216DBD /* icon_check_off.png in Resources */,
				FC44BFC424E71DDB008CD233 /* icon_menu.png in Resources */,
				FC803B4F24E99032009D470D /* test2.png in Resources */,
				FCC21F9824E2542300D90C32 /* Assets.xcassets in Resources */,
				FCB07B2A24F062E300A2E5F1 /* bg_general_info.png in Resources */,
				FC50826D24EF0D120034D032 /* icon_left_arrow_white.png in Resources */,
				FCB07B1B24F0115F00A2E5F1 /* StageView.xib in Resources */,
				FC5B374A24E5849B00216DBD /* icon_check_on.png in Resources */,
				FC803B4024E934A4009D470D /* PathViewCell.xib in Resources */,
				FC12066624E5DADA00E5F304 /* bg_header.png in Resources */,
				FCB07B2324F03EEE00A2E5F1 /* icon_calendar.png in Resources */,
				FC4E968224F3CBEC00EA6221 /* icon_add_dark_grey.png in Resources */,
				FC43A8F724EC5A5C005AF9BF /* icon_check_circle.png in Resources */,
				FCC21F9624E253F900D90C32 /* Main.storyboard in Resources */,
				FCB07B2624F05A3400A2E5F1 /* GeneralInfoView.xib in Resources */,
				FC803B5C24EA2677009D470D /* icon_trash.png in Resources */,
				FC803B4E24E99032009D470D /* test5.png in Resources */,
				FC5B374F24E589B200216DBD /* DMSans-Medium.ttf in Resources */,
				FC803B3C24E92927009D470D /* PathView.xib in Resources */,
				FC64A5B224EE031300E2AA70 /* icon_camera_grey.png in Resources */,
				FC12066A24E5DDB500E5F304 /* Gilroy-Light.otf in Resources */,
				FC44BFB624E7066B008CD233 /* btn_close.png in Resources */,
				FC5B375124E589B200216DBD /* DMSans-Bold.ttf in Resources */,
				FC44BFC324E71DDB008CD233 /* icon_notificationl.png in Resources */,
				FC97D4F624ED94B500E30158 /* img_empty_folder.png in Resources */,
				FC44BFC224E71DDB008CD233 /* icon_home.png in Resources */,
				FCB07B2124F024AB00A2E5F1 /* icon_flag_grey.png in Resources */,
				FC50826924EEF4710034D032 /* img_empty_techpack.png in Resources */,
				FC803B3824E76431009D470D /* profile-anonymous.jpg in Resources */,
				FC12066924E5DDB500E5F304 /* Gilroy-ExtraBold.otf in Resources */,
				FC67EFDE24E6284F00767A4F /* icon_back_white.png in Resources */,
				FCB07B0F24EFC8F000A2E5F1 /* icon_email.png in Resources */,
				FC803B5E24EA2677009D470D /* icon_radio_on.png in Resources */,
				FCF08F2C24F3E73B0032A629 /* icon_save.png in Resources */,
				FC4CB6FD24EB2E9900FDDEC7 /* icon_previous.png in Resources */,
				FC803B5124E99078009D470D /* icon_flag_blue.png in Resources */,
				FC803B5524EA2325009D470D /* icon_back_grey.png in Resources */,
				FCB07B1524EFCF7600A2E5F1 /* icon_added.png in Resources */,
				FC4CB6F924EB2A0800FDDEC7 /* icon_full_screen.png in Resources */,
				FC803B4B24E99032009D470D /* test3.png in Resources */,
				FC803B5D24EA2677009D470D /* icon_camera.png in Resources */,
				FC4CB6FC24EB2E9900FDDEC7 /* icon_next.png in Resources */,
			);
			runOnlyForDeploymentPostprocessing = 0;
		};
		FCC21F9F24E2542600D90C32 /* Resources */ = {
			isa = PBXResourcesBuildPhase;
			buildActionMask = 2147483647;
			files = (
			);
			runOnlyForDeploymentPostprocessing = 0;
		};
		FCC21FAA24E2542600D90C32 /* Resources */ = {
			isa = PBXResourcesBuildPhase;
			buildActionMask = 2147483647;
			files = (
			);
			runOnlyForDeploymentPostprocessing = 0;
		};
/* End PBXResourcesBuildPhase section */

/* Begin PBXShellScriptBuildPhase section */
		00F7223D7ADBFC2A246D2C03 /* [CP] Embed Pods Frameworks */ = {
			isa = PBXShellScriptBuildPhase;
			buildActionMask = 2147483647;
			files = (
			);
			inputFileListPaths = (
				"${PODS_ROOT}/Target Support Files/Pods-Gomble/Pods-Gomble-frameworks-${CONFIGURATION}-input-files.xcfilelist",
			);
			name = "[CP] Embed Pods Frameworks";
			outputFileListPaths = (
				"${PODS_ROOT}/Target Support Files/Pods-Gomble/Pods-Gomble-frameworks-${CONFIGURATION}-output-files.xcfilelist",
			);
			runOnlyForDeploymentPostprocessing = 0;
			shellPath = /bin/sh;
			shellScript = "\"${PODS_ROOT}/Target Support Files/Pods-Gomble/Pods-Gomble-frameworks.sh\"\n";
			showEnvVarsInLog = 0;
		};
		02B517168C9F187219432CB7 /* [CP] Embed Pods Frameworks */ = {
			isa = PBXShellScriptBuildPhase;
			buildActionMask = 2147483647;
			files = (
			);
			inputFileListPaths = (
				"${PODS_ROOT}/Target Support Files/Pods-Gomble-GombleUITests/Pods-Gomble-GombleUITests-frameworks-${CONFIGURATION}-input-files.xcfilelist",
			);
			name = "[CP] Embed Pods Frameworks";
			outputFileListPaths = (
				"${PODS_ROOT}/Target Support Files/Pods-Gomble-GombleUITests/Pods-Gomble-GombleUITests-frameworks-${CONFIGURATION}-output-files.xcfilelist",
			);
			runOnlyForDeploymentPostprocessing = 0;
			shellPath = /bin/sh;
			shellScript = "\"${PODS_ROOT}/Target Support Files/Pods-Gomble-GombleUITests/Pods-Gomble-GombleUITests-frameworks.sh\"\n";
			showEnvVarsInLog = 0;
		};
		03BE43735431B3D3E03A13A6 /* [CP] Check Pods Manifest.lock */ = {
			isa = PBXShellScriptBuildPhase;
			buildActionMask = 2147483647;
			files = (
			);
			inputFileListPaths = (
			);
			inputPaths = (
				"${PODS_PODFILE_DIR_PATH}/Podfile.lock",
				"${PODS_ROOT}/Manifest.lock",
			);
			name = "[CP] Check Pods Manifest.lock";
			outputFileListPaths = (
			);
			outputPaths = (
				"$(DERIVED_FILE_DIR)/Pods-Gomble-checkManifestLockResult.txt",
			);
			runOnlyForDeploymentPostprocessing = 0;
			shellPath = /bin/sh;
			shellScript = "diff \"${PODS_PODFILE_DIR_PATH}/Podfile.lock\" \"${PODS_ROOT}/Manifest.lock\" > /dev/null\nif [ $? != 0 ] ; then\n    # print error to STDERR\n    echo \"error: The sandbox is not in sync with the Podfile.lock. Run 'pod install' or update your CocoaPods installation.\" >&2\n    exit 1\nfi\n# This output is used by Xcode 'outputs' to avoid re-running this script phase.\necho \"SUCCESS\" > \"${SCRIPT_OUTPUT_FILE_0}\"\n";
			showEnvVarsInLog = 0;
		};
		463309CE8BB8DAD3AC5974FF /* [CP] Check Pods Manifest.lock */ = {
			isa = PBXShellScriptBuildPhase;
			buildActionMask = 2147483647;
			files = (
			);
			inputFileListPaths = (
			);
			inputPaths = (
				"${PODS_PODFILE_DIR_PATH}/Podfile.lock",
				"${PODS_ROOT}/Manifest.lock",
			);
			name = "[CP] Check Pods Manifest.lock";
			outputFileListPaths = (
			);
			outputPaths = (
				"$(DERIVED_FILE_DIR)/Pods-GombleTests-checkManifestLockResult.txt",
			);
			runOnlyForDeploymentPostprocessing = 0;
			shellPath = /bin/sh;
			shellScript = "diff \"${PODS_PODFILE_DIR_PATH}/Podfile.lock\" \"${PODS_ROOT}/Manifest.lock\" > /dev/null\nif [ $? != 0 ] ; then\n    # print error to STDERR\n    echo \"error: The sandbox is not in sync with the Podfile.lock. Run 'pod install' or update your CocoaPods installation.\" >&2\n    exit 1\nfi\n# This output is used by Xcode 'outputs' to avoid re-running this script phase.\necho \"SUCCESS\" > \"${SCRIPT_OUTPUT_FILE_0}\"\n";
			showEnvVarsInLog = 0;
		};
		62374991BE994D37E2119B44 /* [CP] Check Pods Manifest.lock */ = {
			isa = PBXShellScriptBuildPhase;
			buildActionMask = 2147483647;
			files = (
			);
			inputFileListPaths = (
			);
			inputPaths = (
				"${PODS_PODFILE_DIR_PATH}/Podfile.lock",
				"${PODS_ROOT}/Manifest.lock",
			);
			name = "[CP] Check Pods Manifest.lock";
			outputFileListPaths = (
			);
			outputPaths = (
				"$(DERIVED_FILE_DIR)/Pods-Gomble-GombleUITests-checkManifestLockResult.txt",
			);
			runOnlyForDeploymentPostprocessing = 0;
			shellPath = /bin/sh;
			shellScript = "diff \"${PODS_PODFILE_DIR_PATH}/Podfile.lock\" \"${PODS_ROOT}/Manifest.lock\" > /dev/null\nif [ $? != 0 ] ; then\n    # print error to STDERR\n    echo \"error: The sandbox is not in sync with the Podfile.lock. Run 'pod install' or update your CocoaPods installation.\" >&2\n    exit 1\nfi\n# This output is used by Xcode 'outputs' to avoid re-running this script phase.\necho \"SUCCESS\" > \"${SCRIPT_OUTPUT_FILE_0}\"\n";
			showEnvVarsInLog = 0;
		};
/* End PBXShellScriptBuildPhase section */

/* Begin PBXSourcesBuildPhase section */
		FCC21F8724E253F800D90C32 /* Sources */ = {
			isa = PBXSourcesBuildPhase;
			buildActionMask = 2147483647;
			files = (
				FC12065224E58F9500E5F304 /* RoundedView.swift in Sources */,
				FC5B374324E5427500216DBD /* SignUpViewController.swift in Sources */,
				FCC21F9324E253F900D90C32 /* ViewController.swift in Sources */,
				FC4CB70224EBD87D00FDDEC7 /* CustomerTechpackMaterialsViewController.swift in Sources */,
				FCF08F3224F3F7EC0032A629 /* CropperViewController.swift in Sources */,
				FC11673324EE790900AB6814 /* Testdatabase.swift in Sources */,
				FC64A5B024EDCF4800E2AA70 /* RoundedTextView.swift in Sources */,
				FC4CB70824EBDDE800FDDEC7 /* CustomerTechpackMeasurementsViewController.swift in Sources */,
				FCC21F8F24E253F900D90C32 /* AppDelegate.swift in Sources */,
				FC12065924E5AE5B00E5F304 /* Common.swift in Sources */,
				FCC21F9124E253F900D90C32 /* SceneDelegate.swift in Sources */,
				FC4CB70A24EBDE0F00FDDEC7 /* CustomerTechpackAboutDesignerViewController.swift in Sources */,
				FC4CB70624EBDB2600FDDEC7 /* CustomerTechpackOptionsViewController.swift in Sources */,
				FC803B6124EA283B009D470D /* RoundedLabel.swift in Sources */,
				FC803B5324EA1FC7009D470D /* CustomerProfileViewController.swift in Sources */,
				FC12065124E58F9500E5F304 /* RoundedButton.swift in Sources */,
				FC50826B24EEF7070034D032 /* NewTechpackDesignerViewController.swift in Sources */,
				FC97D4F424ED7AF200E30158 /* DesignerMyFoldersViewController.swift in Sources */,
				FCB07B2824F05A8400A2E5F1 /* GeneralInfoView.swift in Sources */,
				FC97D4FC24EDA95500E30158 /* CompleteDesignerProfileViewController.swift in Sources */,
				FCF08F3524F406D00032A629 /* SketchesView.swift in Sources */,
				FCC21FC224E4CE8C00D90C32 /* SignInViewController.swift in Sources */,
				FC12066124E5C58100E5F304 /* SelectTypeViewController.swift in Sources */,
				FCB07B1324EFCC4900A2E5F1 /* CollaborationTableViewCell.swift in Sources */,
				FC4CB6FF24EBD56800FDDEC7 /* CustomerTechpackPreviewDetailsViewController.swift in Sources */,
				FC11672F24EE1A2E00AB6814 /* CreateFolderDesignerViewController.swift in Sources */,
				FC803B3E24E933C0009D470D /* PathViewCell.swift in Sources */,
				FC4CB6F724EB18CC00FDDEC7 /* CustomerTechpackPreviewViewController.swift in Sources */,
				FC44BFB424E6F603008CD233 /* CustomerSideMenuViewController.swift in Sources */,
				FC43A8F524EC46B8005AF9BF /* MaterialItemCollectionView.swift in Sources */,
				FC44BFBA24E71345008CD233 /* CustomHeaderView.swift in Sources */,
				FCB07B1924F0114500A2E5F1 /* StageView.swift in Sources */,
				FCB07B0924EF828D00A2E5F1 /* CollaborationView.swift in Sources */,
				FC12065B24E5B3AA00E5F304 /* ForgotPasswordViewController.swift in Sources */,
				FC44BFB224E6F007008CD233 /* CustomerHomeViewController.swift in Sources */,
				FC803B3A24E92915009D470D /* PathView.swift in Sources */,
				FC12065F24E5B98600E5F304 /* CreateNewPasswordViewController.swift in Sources */,
				FC50826724EEE9FE0034D032 /* DesignerTechpacksViewController.swift in Sources */,
				FC50826524EED3DE0034D032 /* DefaultDialogViewController.swift in Sources */,
				FC12066324E5D43100E5F304 /* RoundedImageView.swift in Sources */,
				FC803B6324EA496C009D470D /* DefaultViewController.swift in Sources */,
				FC12065424E5904300E5F304 /* RoundedTextField.swift in Sources */,
				FC4CB70424EBDA0F00FDDEC7 /* CustomerTechpackGeneralInfoViewController.swift in Sources */,
				FC97D4FA24ED987E00E30158 /* DesignerSideMenuViewController.swift in Sources */,
				FC12065724E5A60000E5F304 /* Globals.swift in Sources */,
				FCF08F3924F407AB0032A629 /* DefaultView.swift in Sources */,
				FCC21FBF24E37ECF00D90C32 /* GetStartedViewController.swift in Sources */,
			);
			runOnlyForDeploymentPostprocessing = 0;
		};
		FCC21F9D24E2542600D90C32 /* Sources */ = {
			isa = PBXSourcesBuildPhase;
			buildActionMask = 2147483647;
			files = (
				FCC21FA624E2542600D90C32 /* GombleTests.swift in Sources */,
			);
			runOnlyForDeploymentPostprocessing = 0;
		};
		FCC21FA824E2542600D90C32 /* Sources */ = {
			isa = PBXSourcesBuildPhase;
			buildActionMask = 2147483647;
			files = (
				FCC21FB124E2542600D90C32 /* GombleUITests.swift in Sources */,
			);
			runOnlyForDeploymentPostprocessing = 0;
		};
/* End PBXSourcesBuildPhase section */

/* Begin PBXTargetDependency section */
		FCC21FA324E2542600D90C32 /* PBXTargetDependency */ = {
			isa = PBXTargetDependency;
			target = FCC21F8A24E253F800D90C32 /* Gomble */;
			targetProxy = FCC21FA224E2542600D90C32 /* PBXContainerItemProxy */;
		};
		FCC21FAE24E2542600D90C32 /* PBXTargetDependency */ = {
			isa = PBXTargetDependency;
			target = FCC21F8A24E253F800D90C32 /* Gomble */;
			targetProxy = FCC21FAD24E2542600D90C32 /* PBXContainerItemProxy */;
		};
/* End PBXTargetDependency section */

/* Begin PBXVariantGroup section */
		FCC21F9424E253F900D90C32 /* Main.storyboard */ = {
			isa = PBXVariantGroup;
			children = (
				FCC21F9524E253F900D90C32 /* Base */,
			);
			name = Main.storyboard;
			sourceTree = "<group>";
		};
		FCC21F9924E2542300D90C32 /* LaunchScreen.storyboard */ = {
			isa = PBXVariantGroup;
			children = (
				FCC21F9A24E2542300D90C32 /* Base */,
			);
			name = LaunchScreen.storyboard;
			sourceTree = "<group>";
		};
/* End PBXVariantGroup section */

/* Begin XCBuildConfiguration section */
		FCC21FB324E2542600D90C32 /* Debug */ = {
			isa = XCBuildConfiguration;
			buildSettings = {
				ALWAYS_SEARCH_USER_PATHS = NO;
				CLANG_ANALYZER_NONNULL = YES;
				CLANG_ANALYZER_NUMBER_OBJECT_CONVERSION = YES_AGGRESSIVE;
				CLANG_CXX_LANGUAGE_STANDARD = "gnu++14";
				CLANG_CXX_LIBRARY = "libc++";
				CLANG_ENABLE_MODULES = YES;
				CLANG_ENABLE_OBJC_ARC = YES;
				CLANG_ENABLE_OBJC_WEAK = YES;
				CLANG_WARN_BLOCK_CAPTURE_AUTORELEASING = YES;
				CLANG_WARN_BOOL_CONVERSION = YES;
				CLANG_WARN_COMMA = YES;
				CLANG_WARN_CONSTANT_CONVERSION = YES;
				CLANG_WARN_DEPRECATED_OBJC_IMPLEMENTATIONS = YES;
				CLANG_WARN_DIRECT_OBJC_ISA_USAGE = YES_ERROR;
				CLANG_WARN_DOCUMENTATION_COMMENTS = YES;
				CLANG_WARN_EMPTY_BODY = YES;
				CLANG_WARN_ENUM_CONVERSION = YES;
				CLANG_WARN_INFINITE_RECURSION = YES;
				CLANG_WARN_INT_CONVERSION = YES;
				CLANG_WARN_NON_LITERAL_NULL_CONVERSION = YES;
				CLANG_WARN_OBJC_IMPLICIT_RETAIN_SELF = YES;
				CLANG_WARN_OBJC_LITERAL_CONVERSION = YES;
				CLANG_WARN_OBJC_ROOT_CLASS = YES_ERROR;
				CLANG_WARN_RANGE_LOOP_ANALYSIS = YES;
				CLANG_WARN_STRICT_PROTOTYPES = YES;
				CLANG_WARN_SUSPICIOUS_MOVE = YES;
				CLANG_WARN_UNGUARDED_AVAILABILITY = YES_AGGRESSIVE;
				CLANG_WARN_UNREACHABLE_CODE = YES;
				CLANG_WARN__DUPLICATE_METHOD_MATCH = YES;
				COPY_PHASE_STRIP = NO;
				DEBUG_INFORMATION_FORMAT = dwarf;
				ENABLE_STRICT_OBJC_MSGSEND = YES;
				ENABLE_TESTABILITY = YES;
				GCC_C_LANGUAGE_STANDARD = gnu11;
				GCC_DYNAMIC_NO_PIC = NO;
				GCC_NO_COMMON_BLOCKS = YES;
				GCC_OPTIMIZATION_LEVEL = 0;
				GCC_PREPROCESSOR_DEFINITIONS = (
					"DEBUG=1",
					"$(inherited)",
				);
				GCC_WARN_64_TO_32_BIT_CONVERSION = YES;
				GCC_WARN_ABOUT_RETURN_TYPE = YES_ERROR;
				GCC_WARN_UNDECLARED_SELECTOR = YES;
				GCC_WARN_UNINITIALIZED_AUTOS = YES_AGGRESSIVE;
				GCC_WARN_UNUSED_FUNCTION = YES;
				GCC_WARN_UNUSED_VARIABLE = YES;
				IPHONEOS_DEPLOYMENT_TARGET = 13.6;
				MTL_ENABLE_DEBUG_INFO = INCLUDE_SOURCE;
				MTL_FAST_MATH = YES;
				ONLY_ACTIVE_ARCH = YES;
				SDKROOT = iphoneos;
				SWIFT_ACTIVE_COMPILATION_CONDITIONS = DEBUG;
				SWIFT_OPTIMIZATION_LEVEL = "-Onone";
			};
			name = Debug;
		};
		FCC21FB424E2542600D90C32 /* Release */ = {
			isa = XCBuildConfiguration;
			buildSettings = {
				ALWAYS_SEARCH_USER_PATHS = NO;
				CLANG_ANALYZER_NONNULL = YES;
				CLANG_ANALYZER_NUMBER_OBJECT_CONVERSION = YES_AGGRESSIVE;
				CLANG_CXX_LANGUAGE_STANDARD = "gnu++14";
				CLANG_CXX_LIBRARY = "libc++";
				CLANG_ENABLE_MODULES = YES;
				CLANG_ENABLE_OBJC_ARC = YES;
				CLANG_ENABLE_OBJC_WEAK = YES;
				CLANG_WARN_BLOCK_CAPTURE_AUTORELEASING = YES;
				CLANG_WARN_BOOL_CONVERSION = YES;
				CLANG_WARN_COMMA = YES;
				CLANG_WARN_CONSTANT_CONVERSION = YES;
				CLANG_WARN_DEPRECATED_OBJC_IMPLEMENTATIONS = YES;
				CLANG_WARN_DIRECT_OBJC_ISA_USAGE = YES_ERROR;
				CLANG_WARN_DOCUMENTATION_COMMENTS = YES;
				CLANG_WARN_EMPTY_BODY = YES;
				CLANG_WARN_ENUM_CONVERSION = YES;
				CLANG_WARN_INFINITE_RECURSION = YES;
				CLANG_WARN_INT_CONVERSION = YES;
				CLANG_WARN_NON_LITERAL_NULL_CONVERSION = YES;
				CLANG_WARN_OBJC_IMPLICIT_RETAIN_SELF = YES;
				CLANG_WARN_OBJC_LITERAL_CONVERSION = YES;
				CLANG_WARN_OBJC_ROOT_CLASS = YES_ERROR;
				CLANG_WARN_RANGE_LOOP_ANALYSIS = YES;
				CLANG_WARN_STRICT_PROTOTYPES = YES;
				CLANG_WARN_SUSPICIOUS_MOVE = YES;
				CLANG_WARN_UNGUARDED_AVAILABILITY = YES_AGGRESSIVE;
				CLANG_WARN_UNREACHABLE_CODE = YES;
				CLANG_WARN__DUPLICATE_METHOD_MATCH = YES;
				COPY_PHASE_STRIP = NO;
				DEBUG_INFORMATION_FORMAT = "dwarf-with-dsym";
				ENABLE_NS_ASSERTIONS = NO;
				ENABLE_STRICT_OBJC_MSGSEND = YES;
				GCC_C_LANGUAGE_STANDARD = gnu11;
				GCC_NO_COMMON_BLOCKS = YES;
				GCC_WARN_64_TO_32_BIT_CONVERSION = YES;
				GCC_WARN_ABOUT_RETURN_TYPE = YES_ERROR;
				GCC_WARN_UNDECLARED_SELECTOR = YES;
				GCC_WARN_UNINITIALIZED_AUTOS = YES_AGGRESSIVE;
				GCC_WARN_UNUSED_FUNCTION = YES;
				GCC_WARN_UNUSED_VARIABLE = YES;
				IPHONEOS_DEPLOYMENT_TARGET = 13.6;
				MTL_ENABLE_DEBUG_INFO = NO;
				MTL_FAST_MATH = YES;
				SDKROOT = iphoneos;
				SWIFT_COMPILATION_MODE = wholemodule;
				SWIFT_OPTIMIZATION_LEVEL = "-O";
				VALIDATE_PRODUCT = YES;
			};
			name = Release;
		};
		FCC21FB624E2542600D90C32 /* Debug */ = {
			isa = XCBuildConfiguration;
			baseConfigurationReference = 85E718CDDD24CC65D2649B15 /* Pods-Gomble.debug.xcconfig */;
			buildSettings = {
				ASSETCATALOG_COMPILER_APPICON_NAME = AppIcon;
				CODE_SIGN_STYLE = Automatic;
				DEVELOPMENT_TEAM = G4RVEHWLX6;
				INFOPLIST_FILE = Gomble/Info.plist;
				IPHONEOS_DEPLOYMENT_TARGET = 12.4;
				LD_RUNPATH_SEARCH_PATHS = (
					"$(inherited)",
					"@executable_path/Frameworks",
				);
				PRODUCT_BUNDLE_IDENTIFIER = com.app.Gomble;
				PRODUCT_NAME = "$(TARGET_NAME)";
				SWIFT_VERSION = 5.0;
				TARGETED_DEVICE_FAMILY = "1,2";
			};
			name = Debug;
		};
		FCC21FB724E2542600D90C32 /* Release */ = {
			isa = XCBuildConfiguration;
			baseConfigurationReference = 1393FAB4854DF85E8E1C3250 /* Pods-Gomble.release.xcconfig */;
			buildSettings = {
				ASSETCATALOG_COMPILER_APPICON_NAME = AppIcon;
				CODE_SIGN_STYLE = Automatic;
				DEVELOPMENT_TEAM = G4RVEHWLX6;
				INFOPLIST_FILE = Gomble/Info.plist;
				IPHONEOS_DEPLOYMENT_TARGET = 12.4;
				LD_RUNPATH_SEARCH_PATHS = (
					"$(inherited)",
					"@executable_path/Frameworks",
				);
				PRODUCT_BUNDLE_IDENTIFIER = com.app.Gomble;
				PRODUCT_NAME = "$(TARGET_NAME)";
				SWIFT_VERSION = 5.0;
				TARGETED_DEVICE_FAMILY = "1,2";
			};
			name = Release;
		};
		FCC21FB924E2542600D90C32 /* Debug */ = {
			isa = XCBuildConfiguration;
			baseConfigurationReference = FBB8C2AEEE06AB3AC59464D8 /* Pods-GombleTests.debug.xcconfig */;
			buildSettings = {
				ALWAYS_EMBED_SWIFT_STANDARD_LIBRARIES = YES;
				BUNDLE_LOADER = "$(TEST_HOST)";
				CODE_SIGN_STYLE = Automatic;
				INFOPLIST_FILE = GombleTests/Info.plist;
				IPHONEOS_DEPLOYMENT_TARGET = 13.6;
				LD_RUNPATH_SEARCH_PATHS = (
					"$(inherited)",
					"@executable_path/Frameworks",
					"@loader_path/Frameworks",
				);
				PRODUCT_BUNDLE_IDENTIFIER = com.app.GombleTests;
				PRODUCT_NAME = "$(TARGET_NAME)";
				SWIFT_VERSION = 5.0;
				TARGETED_DEVICE_FAMILY = "1,2";
				TEST_HOST = "$(BUILT_PRODUCTS_DIR)/Gomble.app/Gomble";
			};
			name = Debug;
		};
		FCC21FBA24E2542600D90C32 /* Release */ = {
			isa = XCBuildConfiguration;
			baseConfigurationReference = 0E244B01858383AA5A3DABA0 /* Pods-GombleTests.release.xcconfig */;
			buildSettings = {
				ALWAYS_EMBED_SWIFT_STANDARD_LIBRARIES = YES;
				BUNDLE_LOADER = "$(TEST_HOST)";
				CODE_SIGN_STYLE = Automatic;
				INFOPLIST_FILE = GombleTests/Info.plist;
				IPHONEOS_DEPLOYMENT_TARGET = 13.6;
				LD_RUNPATH_SEARCH_PATHS = (
					"$(inherited)",
					"@executable_path/Frameworks",
					"@loader_path/Frameworks",
				);
				PRODUCT_BUNDLE_IDENTIFIER = com.app.GombleTests;
				PRODUCT_NAME = "$(TARGET_NAME)";
				SWIFT_VERSION = 5.0;
				TARGETED_DEVICE_FAMILY = "1,2";
				TEST_HOST = "$(BUILT_PRODUCTS_DIR)/Gomble.app/Gomble";
			};
			name = Release;
		};
		FCC21FBC24E2542600D90C32 /* Debug */ = {
			isa = XCBuildConfiguration;
			baseConfigurationReference = 03A999B77983F0CD59984179 /* Pods-Gomble-GombleUITests.debug.xcconfig */;
			buildSettings = {
				ALWAYS_EMBED_SWIFT_STANDARD_LIBRARIES = YES;
				CODE_SIGN_STYLE = Automatic;
				INFOPLIST_FILE = GombleUITests/Info.plist;
				LD_RUNPATH_SEARCH_PATHS = (
					"$(inherited)",
					"@executable_path/Frameworks",
					"@loader_path/Frameworks",
				);
				PRODUCT_BUNDLE_IDENTIFIER = com.app.GombleUITests;
				PRODUCT_NAME = "$(TARGET_NAME)";
				SWIFT_VERSION = 5.0;
				TARGETED_DEVICE_FAMILY = "1,2";
				TEST_TARGET_NAME = Gomble;
			};
			name = Debug;
		};
		FCC21FBD24E2542600D90C32 /* Release */ = {
			isa = XCBuildConfiguration;
			baseConfigurationReference = 06CDF9381293CDF5DF02A46E /* Pods-Gomble-GombleUITests.release.xcconfig */;
			buildSettings = {
				ALWAYS_EMBED_SWIFT_STANDARD_LIBRARIES = YES;
				CODE_SIGN_STYLE = Automatic;
				INFOPLIST_FILE = GombleUITests/Info.plist;
				LD_RUNPATH_SEARCH_PATHS = (
					"$(inherited)",
					"@executable_path/Frameworks",
					"@loader_path/Frameworks",
				);
				PRODUCT_BUNDLE_IDENTIFIER = com.app.GombleUITests;
				PRODUCT_NAME = "$(TARGET_NAME)";
				SWIFT_VERSION = 5.0;
				TARGETED_DEVICE_FAMILY = "1,2";
				TEST_TARGET_NAME = Gomble;
			};
			name = Release;
		};
/* End XCBuildConfiguration section */

/* Begin XCConfigurationList section */
		FCC21F8624E253F800D90C32 /* Build configuration list for PBXProject "Gomble" */ = {
			isa = XCConfigurationList;
			buildConfigurations = (
				FCC21FB324E2542600D90C32 /* Debug */,
				FCC21FB424E2542600D90C32 /* Release */,
			);
			defaultConfigurationIsVisible = 0;
			defaultConfigurationName = Release;
		};
		FCC21FB524E2542600D90C32 /* Build configuration list for PBXNativeTarget "Gomble" */ = {
			isa = XCConfigurationList;
			buildConfigurations = (
				FCC21FB624E2542600D90C32 /* Debug */,
				FCC21FB724E2542600D90C32 /* Release */,
			);
			defaultConfigurationIsVisible = 0;
			defaultConfigurationName = Release;
		};
		FCC21FB824E2542600D90C32 /* Build configuration list for PBXNativeTarget "GombleTests" */ = {
			isa = XCConfigurationList;
			buildConfigurations = (
				FCC21FB924E2542600D90C32 /* Debug */,
				FCC21FBA24E2542600D90C32 /* Release */,
			);
			defaultConfigurationIsVisible = 0;
			defaultConfigurationName = Release;
		};
		FCC21FBB24E2542600D90C32 /* Build configuration list for PBXNativeTarget "GombleUITests" */ = {
			isa = XCConfigurationList;
			buildConfigurations = (
				FCC21FBC24E2542600D90C32 /* Debug */,
				FCC21FBD24E2542600D90C32 /* Release */,
			);
			defaultConfigurationIsVisible = 0;
			defaultConfigurationName = Release;
		};
/* End XCConfigurationList section */
	};
	rootObject = FCC21F8324E253F800D90C32 /* Project object */;
}
