// !$*UTF8*$!
{
	archiveVersion = 1;
	classes = {
	};
	objectVersion = 51;
	objects = {

/* Begin PBXBuildFile section */
		2B1E251F5063B7827B955424 /* Pods_Gomble.framework in Frameworks */ = {isa = PBXBuildFile; fileRef = E59E00A92A6127B7D683070A /* Pods_Gomble.framework */; };
		CD7CC49D0F92F6DF29A84895 /* Pods_GombleTests.framework in Frameworks */ = {isa = PBXBuildFile; fileRef = D0F3162F571D595A2A0BDE2F /* Pods_GombleTests.framework */; };
		D17F968786EB128B81BB710F /* Pods_Gomble_GombleUITests.framework in Frameworks */ = {isa = PBXBuildFile; fileRef = 63E23430507CC1DA5AFC0CAB /* Pods_Gomble_GombleUITests.framework */; };
		FC12065124E58F9500E5F304 /* RoundedButton.swift in Sources */ = {isa = PBXBuildFile; fileRef = FC12064F24E58F6900E5F304 /* RoundedButton.swift */; };
		FC12065224E58F9500E5F304 /* RoundedView.swift in Sources */ = {isa = PBXBuildFile; fileRef = FC12065024E58F9500E5F304 /* RoundedView.swift */; };
		FC12065424E5904300E5F304 /* RoundedTextField.swift in Sources */ = {isa = PBXBuildFile; fileRef = FC12065324E5904300E5F304 /* RoundedTextField.swift */; };
		FC12065724E5A60000E5F304 /* Globals.swift in Sources */ = {isa = PBXBuildFile; fileRef = FC12065624E5A60000E5F304 /* Globals.swift */; };
		FC12065924E5AE5B00E5F304 /* Common.swift in Sources */ = {isa = PBXBuildFile; fileRef = FC12065824E5AE5B00E5F304 /* Common.swift */; };
		FC12065B24E5B3AA00E5F304 /* ForgotPasswordViewController.swift in Sources */ = {isa = PBXBuildFile; fileRef = FC12065A24E5B3AA00E5F304 /* ForgotPasswordViewController.swift */; };
		FC12065D24E5B5A100E5F304 /* icon_back.png in Resources */ = {isa = PBXBuildFile; fileRef = FC12065C24E5B5A100E5F304 /* icon_back.png */; };
		FC12065F24E5B98600E5F304 /* CreateNewPasswordViewController.swift in Sources */ = {isa = PBXBuildFile; fileRef = FC12065E24E5B98600E5F304 /* CreateNewPasswordViewController.swift */; };
		FC12066124E5C58100E5F304 /* SelectTypeViewController.swift in Sources */ = {isa = PBXBuildFile; fileRef = FC12066024E5C58100E5F304 /* SelectTypeViewController.swift */; };
		FC12066324E5D43100E5F304 /* RoundedImageView.swift in Sources */ = {isa = PBXBuildFile; fileRef = FC12066224E5D43100E5F304 /* RoundedImageView.swift */; };
		FC12066624E5DADA00E5F304 /* bg_header.png in Resources */ = {isa = PBXBuildFile; fileRef = FC12066524E5DADA00E5F304 /* bg_header.png */; };
		FC5B374324E5427500216DBD /* SignUpViewController.swift in Sources */ = {isa = PBXBuildFile; fileRef = FC5B374224E5427500216DBD /* SignUpViewController.swift */; };
		FC5B374924E5849B00216DBD /* icon_check_off.png in Resources */ = {isa = PBXBuildFile; fileRef = FC5B374724E5849A00216DBD /* icon_check_off.png */; };
		FC5B374A24E5849B00216DBD /* icon_check_on.png in Resources */ = {isa = PBXBuildFile; fileRef = FC5B374824E5849B00216DBD /* icon_check_on.png */; };
		FC5B374F24E589B200216DBD /* DMSans-Medium.ttf in Resources */ = {isa = PBXBuildFile; fileRef = FC5B374C24E589B200216DBD /* DMSans-Medium.ttf */; };
		FC5B375024E589B200216DBD /* DMSans-Regular.ttf in Resources */ = {isa = PBXBuildFile; fileRef = FC5B374D24E589B200216DBD /* DMSans-Regular.ttf */; };
		FC5B375124E589B200216DBD /* DMSans-Bold.ttf in Resources */ = {isa = PBXBuildFile; fileRef = FC5B374E24E589B200216DBD /* DMSans-Bold.ttf */; };
		FC5B375324E58B9900216DBD /* logo.png in Resources */ = {isa = PBXBuildFile; fileRef = FC5B375224E58B9900216DBD /* logo.png */; };
		FCC21F8F24E253F900D90C32 /* AppDelegate.swift in Sources */ = {isa = PBXBuildFile; fileRef = FCC21F8E24E253F900D90C32 /* AppDelegate.swift */; };
		FCC21F9124E253F900D90C32 /* SceneDelegate.swift in Sources */ = {isa = PBXBuildFile; fileRef = FCC21F9024E253F900D90C32 /* SceneDelegate.swift */; };
		FCC21F9324E253F900D90C32 /* ViewController.swift in Sources */ = {isa = PBXBuildFile; fileRef = FCC21F9224E253F900D90C32 /* ViewController.swift */; };
		FCC21F9624E253F900D90C32 /* Main.storyboard in Resources */ = {isa = PBXBuildFile; fileRef = FCC21F9424E253F900D90C32 /* Main.storyboard */; };
		FCC21F9824E2542300D90C32 /* Assets.xcassets in Resources */ = {isa = PBXBuildFile; fileRef = FCC21F9724E2542300D90C32 /* Assets.xcassets */; };
		FCC21F9B24E2542300D90C32 /* LaunchScreen.storyboard in Resources */ = {isa = PBXBuildFile; fileRef = FCC21F9924E2542300D90C32 /* LaunchScreen.storyboard */; };
		FCC21FA624E2542600D90C32 /* GombleTests.swift in Sources */ = {isa = PBXBuildFile; fileRef = FCC21FA524E2542600D90C32 /* GombleTests.swift */; };
		FCC21FB124E2542600D90C32 /* GombleUITests.swift in Sources */ = {isa = PBXBuildFile; fileRef = FCC21FB024E2542600D90C32 /* GombleUITests.swift */; };
		FCC21FBF24E37ECF00D90C32 /* GetStartedViewController.swift in Sources */ = {isa = PBXBuildFile; fileRef = FCC21FBE24E37ECF00D90C32 /* GetStartedViewController.swift */; };
		FCC21FC224E4CE8C00D90C32 /* SignInViewController.swift in Sources */ = {isa = PBXBuildFile; fileRef = FCC21FC124E4CE8C00D90C32 /* SignInViewController.swift */; };
/* End PBXBuildFile section */

/* Begin PBXContainerItemProxy section */
		FCC21FA224E2542600D90C32 /* PBXContainerItemProxy */ = {
			isa = PBXContainerItemProxy;
			containerPortal = FCC21F8324E253F800D90C32 /* Project object */;
			proxyType = 1;
			remoteGlobalIDString = FCC21F8A24E253F800D90C32;
			remoteInfo = Gomble;
		};
		FCC21FAD24E2542600D90C32 /* PBXContainerItemProxy */ = {
			isa = PBXContainerItemProxy;
			containerPortal = FCC21F8324E253F800D90C32 /* Project object */;
			proxyType = 1;
			remoteGlobalIDString = FCC21F8A24E253F800D90C32;
			remoteInfo = Gomble;
		};
/* End PBXContainerItemProxy section */

/* Begin PBXFileReference section */
		03A999B77983F0CD59984179 /* Pods-Gomble-GombleUITests.debug.xcconfig */ = {isa = PBXFileReference; includeInIndex = 1; lastKnownFileType = text.xcconfig; name = "Pods-Gomble-GombleUITests.debug.xcconfig"; path = "Target Support Files/Pods-Gomble-GombleUITests/Pods-Gomble-GombleUITests.debug.xcconfig"; sourceTree = "<group>"; };
		06CDF9381293CDF5DF02A46E /* Pods-Gomble-GombleUITests.release.xcconfig */ = {isa = PBXFileReference; includeInIndex = 1; lastKnownFileType = text.xcconfig; name = "Pods-Gomble-GombleUITests.release.xcconfig"; path = "Target Support Files/Pods-Gomble-GombleUITests/Pods-Gomble-GombleUITests.release.xcconfig"; sourceTree = "<group>"; };
		0E244B01858383AA5A3DABA0 /* Pods-GombleTests.release.xcconfig */ = {isa = PBXFileReference; includeInIndex = 1; lastKnownFileType = text.xcconfig; name = "Pods-GombleTests.release.xcconfig"; path = "Target Support Files/Pods-GombleTests/Pods-GombleTests.release.xcconfig"; sourceTree = "<group>"; };
		1393FAB4854DF85E8E1C3250 /* Pods-Gomble.release.xcconfig */ = {isa = PBXFileReference; includeInIndex = 1; lastKnownFileType = text.xcconfig; name = "Pods-Gomble.release.xcconfig"; path = "Target Support Files/Pods-Gomble/Pods-Gomble.release.xcconfig"; sourceTree = "<group>"; };
		63E23430507CC1DA5AFC0CAB /* Pods_Gomble_GombleUITests.framework */ = {isa = PBXFileReference; explicitFileType = wrapper.framework; includeInIndex = 0; path = Pods_Gomble_GombleUITests.framework; sourceTree = BUILT_PRODUCTS_DIR; };
		85E718CDDD24CC65D2649B15 /* Pods-Gomble.debug.xcconfig */ = {isa = PBXFileReference; includeInIndex = 1; lastKnownFileType = text.xcconfig; name = "Pods-Gomble.debug.xcconfig"; path = "Target Support Files/Pods-Gomble/Pods-Gomble.debug.xcconfig"; sourceTree = "<group>"; };
		D0F3162F571D595A2A0BDE2F /* Pods_GombleTests.framework */ = {isa = PBXFileReference; explicitFileType = wrapper.framework; includeInIndex = 0; path = Pods_GombleTests.framework; sourceTree = BUILT_PRODUCTS_DIR; };
		E59E00A92A6127B7D683070A /* Pods_Gomble.framework */ = {isa = PBXFileReference; explicitFileType = wrapper.framework; includeInIndex = 0; path = Pods_Gomble.framework; sourceTree = BUILT_PRODUCTS_DIR; };
		FBB8C2AEEE06AB3AC59464D8 /* Pods-GombleTests.debug.xcconfig */ = {isa = PBXFileReference; includeInIndex = 1; lastKnownFileType = text.xcconfig; name = "Pods-GombleTests.debug.xcconfig"; path = "Target Support Files/Pods-GombleTests/Pods-GombleTests.debug.xcconfig"; sourceTree = "<group>"; };
		FC12064F24E58F6900E5F304 /* RoundedButton.swift */ = {isa = PBXFileReference; fileEncoding = 4; lastKnownFileType = sourcecode.swift; path = RoundedButton.swift; sourceTree = "<group>"; };
		FC12065024E58F9500E5F304 /* RoundedView.swift */ = {isa = PBXFileReference; fileEncoding = 4; lastKnownFileType = sourcecode.swift; path = RoundedView.swift; sourceTree = "<group>"; };
		FC12065324E5904300E5F304 /* RoundedTextField.swift */ = {isa = PBXFileReference; lastKnownFileType = sourcecode.swift; path = RoundedTextField.swift; sourceTree = "<group>"; };
		FC12065624E5A60000E5F304 /* Globals.swift */ = {isa = PBXFileReference; lastKnownFileType = sourcecode.swift; path = Globals.swift; sourceTree = "<group>"; };
		FC12065824E5AE5B00E5F304 /* Common.swift */ = {isa = PBXFileReference; fileEncoding = 4; lastKnownFileType = sourcecode.swift; path = Common.swift; sourceTree = "<group>"; };
		FC12065A24E5B3AA00E5F304 /* ForgotPasswordViewController.swift */ = {isa = PBXFileReference; lastKnownFileType = sourcecode.swift; path = ForgotPasswordViewController.swift; sourceTree = "<group>"; };
		FC12065C24E5B5A100E5F304 /* icon_back.png */ = {isa = PBXFileReference; lastKnownFileType = image.png; path = icon_back.png; sourceTree = "<group>"; };
		FC12065E24E5B98600E5F304 /* CreateNewPasswordViewController.swift */ = {isa = PBXFileReference; lastKnownFileType = sourcecode.swift; path = CreateNewPasswordViewController.swift; sourceTree = "<group>"; };
		FC12066024E5C58100E5F304 /* SelectTypeViewController.swift */ = {isa = PBXFileReference; lastKnownFileType = sourcecode.swift; path = SelectTypeViewController.swift; sourceTree = "<group>"; };
		FC12066224E5D43100E5F304 /* RoundedImageView.swift */ = {isa = PBXFileReference; lastKnownFileType = sourcecode.swift; path = RoundedImageView.swift; sourceTree = "<group>"; };
		FC12066524E5DADA00E5F304 /* bg_header.png */ = {isa = PBXFileReference; lastKnownFileType = image.png; path = bg_header.png; sourceTree = "<group>"; };
		FC5B374224E5427500216DBD /* SignUpViewController.swift */ = {isa = PBXFileReference; lastKnownFileType = sourcecode.swift; path = SignUpViewController.swift; sourceTree = "<group>"; };
		FC5B374724E5849A00216DBD /* icon_check_off.png */ = {isa = PBXFileReference; lastKnownFileType = image.png; path = icon_check_off.png; sourceTree = "<group>"; };
		FC5B374824E5849B00216DBD /* icon_check_on.png */ = {isa = PBXFileReference; lastKnownFileType = image.png; path = icon_check_on.png; sourceTree = "<group>"; };
		FC5B374C24E589B200216DBD /* DMSans-Medium.ttf */ = {isa = PBXFileReference; lastKnownFileType = file; path = "DMSans-Medium.ttf"; sourceTree = "<group>"; };
		FC5B374D24E589B200216DBD /* DMSans-Regular.ttf */ = {isa = PBXFileReference; lastKnownFileType = file; path = "DMSans-Regular.ttf"; sourceTree = "<group>"; };
		FC5B374E24E589B200216DBD /* DMSans-Bold.ttf */ = {isa = PBXFileReference; lastKnownFileType = file; path = "DMSans-Bold.ttf"; sourceTree = "<group>"; };
		FC5B375224E58B9900216DBD /* logo.png */ = {isa = PBXFileReference; lastKnownFileType = image.png; path = logo.png; sourceTree = "<group>"; };
		FCC21F8B24E253F900D90C32 /* Gomble.app */ = {isa = PBXFileReference; explicitFileType = wrapper.application; includeInIndex = 0; path = Gomble.app; sourceTree = BUILT_PRODUCTS_DIR; };
		FCC21F8E24E253F900D90C32 /* AppDelegate.swift */ = {isa = PBXFileReference; lastKnownFileType = sourcecode.swift; path = AppDelegate.swift; sourceTree = "<group>"; };
		FCC21F9024E253F900D90C32 /* SceneDelegate.swift */ = {isa = PBXFileReference; lastKnownFileType = sourcecode.swift; path = SceneDelegate.swift; sourceTree = "<group>"; };
		FCC21F9224E253F900D90C32 /* ViewController.swift */ = {isa = PBXFileReference; lastKnownFileType = sourcecode.swift; path = ViewController.swift; sourceTree = "<group>"; };
		FCC21F9524E253F900D90C32 /* Base */ = {isa = PBXFileReference; lastKnownFileType = file.storyboard; name = Base; path = Base.lproj/Main.storyboard; sourceTree = "<group>"; };
		FCC21F9724E2542300D90C32 /* Assets.xcassets */ = {isa = PBXFileReference; lastKnownFileType = folder.assetcatalog; path = Assets.xcassets; sourceTree = "<group>"; };
		FCC21F9A24E2542300D90C32 /* Base */ = {isa = PBXFileReference; lastKnownFileType = file.storyboard; name = Base; path = Base.lproj/LaunchScreen.storyboard; sourceTree = "<group>"; };
		FCC21F9C24E2542300D90C32 /* Info.plist */ = {isa = PBXFileReference; lastKnownFileType = text.plist.xml; path = Info.plist; sourceTree = "<group>"; };
		FCC21FA124E2542600D90C32 /* GombleTests.xctest */ = {isa = PBXFileReference; explicitFileType = wrapper.cfbundle; includeInIndex = 0; path = GombleTests.xctest; sourceTree = BUILT_PRODUCTS_DIR; };
		FCC21FA524E2542600D90C32 /* GombleTests.swift */ = {isa = PBXFileReference; lastKnownFileType = sourcecode.swift; path = GombleTests.swift; sourceTree = "<group>"; };
		FCC21FA724E2542600D90C32 /* Info.plist */ = {isa = PBXFileReference; lastKnownFileType = text.plist.xml; path = Info.plist; sourceTree = "<group>"; };
		FCC21FAC24E2542600D90C32 /* GombleUITests.xctest */ = {isa = PBXFileReference; explicitFileType = wrapper.cfbundle; includeInIndex = 0; path = GombleUITests.xctest; sourceTree = BUILT_PRODUCTS_DIR; };
		FCC21FB024E2542600D90C32 /* GombleUITests.swift */ = {isa = PBXFileReference; lastKnownFileType = sourcecode.swift; path = GombleUITests.swift; sourceTree = "<group>"; };
		FCC21FB224E2542600D90C32 /* Info.plist */ = {isa = PBXFileReference; lastKnownFileType = text.plist.xml; path = Info.plist; sourceTree = "<group>"; };
		FCC21FBE24E37ECF00D90C32 /* GetStartedViewController.swift */ = {isa = PBXFileReference; lastKnownFileType = sourcecode.swift; path = GetStartedViewController.swift; sourceTree = "<group>"; };
		FCC21FC124E4CE8C00D90C32 /* SignInViewController.swift */ = {isa = PBXFileReference; lastKnownFileType = sourcecode.swift; path = SignInViewController.swift; sourceTree = "<group>"; };
/* End PBXFileReference section */

/* Begin PBXFrameworksBuildPhase section */
		FCC21F8824E253F800D90C32 /* Frameworks */ = {
			isa = PBXFrameworksBuildPhase;
			buildActionMask = 2147483647;
			files = (
				2B1E251F5063B7827B955424 /* Pods_Gomble.framework in Frameworks */,
			);
			runOnlyForDeploymentPostprocessing = 0;
		};
		FCC21F9E24E2542600D90C32 /* Frameworks */ = {
			isa = PBXFrameworksBuildPhase;
			buildActionMask = 2147483647;
			files = (
				CD7CC49D0F92F6DF29A84895 /* Pods_GombleTests.framework in Frameworks */,
			);
			runOnlyForDeploymentPostprocessing = 0;
		};
		FCC21FA924E2542600D90C32 /* Frameworks */ = {
			isa = PBXFrameworksBuildPhase;
			buildActionMask = 2147483647;
			files = (
				D17F968786EB128B81BB710F /* Pods_Gomble_GombleUITests.framework in Frameworks */,
			);
			runOnlyForDeploymentPostprocessing = 0;
		};
/* End PBXFrameworksBuildPhase section */

/* Begin PBXGroup section */
		0510E4AAAE7D361E829E77D7 /* Frameworks */ = {
			isa = PBXGroup;
			children = (
				E59E00A92A6127B7D683070A /* Pods_Gomble.framework */,
				63E23430507CC1DA5AFC0CAB /* Pods_Gomble_GombleUITests.framework */,
				D0F3162F571D595A2A0BDE2F /* Pods_GombleTests.framework */,
			);
			name = Frameworks;
			sourceTree = "<group>";
		};
		828D7C6692F0EB3E382B14F8 /* Pods */ = {
			isa = PBXGroup;
			children = (
				85E718CDDD24CC65D2649B15 /* Pods-Gomble.debug.xcconfig */,
				1393FAB4854DF85E8E1C3250 /* Pods-Gomble.release.xcconfig */,
				03A999B77983F0CD59984179 /* Pods-Gomble-GombleUITests.debug.xcconfig */,
				06CDF9381293CDF5DF02A46E /* Pods-Gomble-GombleUITests.release.xcconfig */,
				FBB8C2AEEE06AB3AC59464D8 /* Pods-GombleTests.debug.xcconfig */,
				0E244B01858383AA5A3DABA0 /* Pods-GombleTests.release.xcconfig */,
			);
			path = Pods;
			sourceTree = "<group>";
		};
		FC12065524E5A5DE00E5F304 /* Config */ = {
			isa = PBXGroup;
			children = (
				FC12065624E5A60000E5F304 /* Globals.swift */,
				FC12065824E5AE5B00E5F304 /* Common.swift */,
			);
			path = Config;
			sourceTree = "<group>";
		};
		FC12066424E5D47600E5F304 /* views */ = {
			isa = PBXGroup;
			children = (
				FC12064F24E58F6900E5F304 /* RoundedButton.swift */,
				FC12065324E5904300E5F304 /* RoundedTextField.swift */,
				FC12065024E58F9500E5F304 /* RoundedView.swift */,
				FC12066224E5D43100E5F304 /* RoundedImageView.swift */,
			);
			path = views;
			sourceTree = "<group>";
		};
		FC5B374524E5848600216DBD /* resources */ = {
			isa = PBXGroup;
			children = (
				FC5B374B24E5899600216DBD /* fonts */,
				FC5B374624E5849100216DBD /* images */,
			);
			path = resources;
			sourceTree = "<group>";
		};
		FC5B374624E5849100216DBD /* images */ = {
			isa = PBXGroup;
			children = (
				FC5B375224E58B9900216DBD /* logo.png */,
				FC5B374724E5849A00216DBD /* icon_check_off.png */,
				FC5B374824E5849B00216DBD /* icon_check_on.png */,
				FC12065C24E5B5A100E5F304 /* icon_back.png */,
				FC12066524E5DADA00E5F304 /* bg_header.png */,
			);
			path = images;
			sourceTree = "<group>";
		};
		FC5B374B24E5899600216DBD /* fonts */ = {
			isa = PBXGroup;
			children = (
				FC5B374E24E589B200216DBD /* DMSans-Bold.ttf */,
				FC5B374C24E589B200216DBD /* DMSans-Medium.ttf */,
				FC5B374D24E589B200216DBD /* DMSans-Regular.ttf */,
			);
			path = fonts;
			sourceTree = "<group>";
		};
		FCC21F8224E253F800D90C32 = {
			isa = PBXGroup;
			children = (
				FCC21F8D24E253F900D90C32 /* Gomble */,
				FCC21FA424E2542600D90C32 /* GombleTests */,
				FCC21FAF24E2542600D90C32 /* GombleUITests */,
				FCC21F8C24E253F900D90C32 /* Products */,
				828D7C6692F0EB3E382B14F8 /* Pods */,
				0510E4AAAE7D361E829E77D7 /* Frameworks */,
			);
			sourceTree = "<group>";
		};
		FCC21F8C24E253F900D90C32 /* Products */ = {
			isa = PBXGroup;
			children = (
				FCC21F8B24E253F900D90C32 /* Gomble.app */,
				FCC21FA124E2542600D90C32 /* GombleTests.xctest */,
				FCC21FAC24E2542600D90C32 /* GombleUITests.xctest */,
			);
			name = Products;
			sourceTree = "<group>";
		};
		FCC21F8D24E253F900D90C32 /* Gomble */ = {
			isa = PBXGroup;
			children = (
				FC5B374524E5848600216DBD /* resources */,
				FCC21F8E24E253F900D90C32 /* AppDelegate.swift */,
				FCC21F9024E253F900D90C32 /* SceneDelegate.swift */,
				FCC21F9224E253F900D90C32 /* ViewController.swift */,
				FCC21FC024E37ED500D90C32 /* ViewController */,
				FC12066424E5D47600E5F304 /* views */,
				FC12065524E5A5DE00E5F304 /* Config */,
				FCC21F9424E253F900D90C32 /* Main.storyboard */,
				FCC21F9724E2542300D90C32 /* Assets.xcassets */,
				FCC21F9924E2542300D90C32 /* LaunchScreen.storyboard */,
				FCC21F9C24E2542300D90C32 /* Info.plist */,
			);
			path = Gomble;
			sourceTree = "<group>";
		};
		FCC21FA424E2542600D90C32 /* GombleTests */ = {
			isa = PBXGroup;
			children = (
				FCC21FA524E2542600D90C32 /* GombleTests.swift */,
				FCC21FA724E2542600D90C32 /* Info.plist */,
			);
			path = GombleTests;
			sourceTree = "<group>";
		};
		FCC21FAF24E2542600D90C32 /* GombleUITests */ = {
			isa = PBXGroup;
			children = (
				FCC21FB024E2542600D90C32 /* GombleUITests.swift */,
				FCC21FB224E2542600D90C32 /* Info.plist */,
			);
			path = GombleUITests;
			sourceTree = "<group>";
		};
		FCC21FC024E37ED500D90C32 /* ViewController */ = {
			isa = PBXGroup;
			children = (
				FCC21FBE24E37ECF00D90C32 /* GetStartedViewController.swift */,
				FCC21FC124E4CE8C00D90C32 /* SignInViewController.swift */,
				FC5B374224E5427500216DBD /* SignUpViewController.swift */,
				FC12065A24E5B3AA00E5F304 /* ForgotPasswordViewController.swift */,
				FC12065E24E5B98600E5F304 /* CreateNewPasswordViewController.swift */,
				FC12066024E5C58100E5F304 /* SelectTypeViewController.swift */,
			);
			path = ViewController;
			sourceTree = "<group>";
		};
/* End PBXGroup section */

/* Begin PBXNativeTarget section */
		FCC21F8A24E253F800D90C32 /* Gomble */ = {
			isa = PBXNativeTarget;
			buildConfigurationList = FCC21FB524E2542600D90C32 /* Build configuration list for PBXNativeTarget "Gomble" */;
			buildPhases = (
				03BE43735431B3D3E03A13A6 /* [CP] Check Pods Manifest.lock */,
				FCC21F8724E253F800D90C32 /* Sources */,
				FCC21F8824E253F800D90C32 /* Frameworks */,
				FCC21F8924E253F800D90C32 /* Resources */,
				00F7223D7ADBFC2A246D2C03 /* [CP] Embed Pods Frameworks */,
			);
			buildRules = (
			);
			dependencies = (
			);
			name = Gomble;
			productName = Gomble;
			productReference = FCC21F8B24E253F900D90C32 /* Gomble.app */;
			productType = "com.apple.product-type.application";
		};
		FCC21FA024E2542600D90C32 /* GombleTests */ = {
			isa = PBXNativeTarget;
			buildConfigurationList = FCC21FB824E2542600D90C32 /* Build configuration list for PBXNativeTarget "GombleTests" */;
			buildPhases = (
				463309CE8BB8DAD3AC5974FF /* [CP] Check Pods Manifest.lock */,
				FCC21F9D24E2542600D90C32 /* Sources */,
				FCC21F9E24E2542600D90C32 /* Frameworks */,
				FCC21F9F24E2542600D90C32 /* Resources */,
			);
			buildRules = (
			);
			dependencies = (
				FCC21FA324E2542600D90C32 /* PBXTargetDependency */,
			);
			name = GombleTests;
			productName = GombleTests;
			productReference = FCC21FA124E2542600D90C32 /* GombleTests.xctest */;
			productType = "com.apple.product-type.bundle.unit-test";
		};
		FCC21FAB24E2542600D90C32 /* GombleUITests */ = {
			isa = PBXNativeTarget;
			buildConfigurationList = FCC21FBB24E2542600D90C32 /* Build configuration list for PBXNativeTarget "GombleUITests" */;
			buildPhases = (
				62374991BE994D37E2119B44 /* [CP] Check Pods Manifest.lock */,
				FCC21FA824E2542600D90C32 /* Sources */,
				FCC21FA924E2542600D90C32 /* Frameworks */,
				FCC21FAA24E2542600D90C32 /* Resources */,
				02B517168C9F187219432CB7 /* [CP] Embed Pods Frameworks */,
			);
			buildRules = (
			);
			dependencies = (
				FCC21FAE24E2542600D90C32 /* PBXTargetDependency */,
			);
			name = GombleUITests;
			productName = GombleUITests;
			productReference = FCC21FAC24E2542600D90C32 /* GombleUITests.xctest */;
			productType = "com.apple.product-type.bundle.ui-testing";
		};
/* End PBXNativeTarget section */

/* Begin PBXProject section */
		FCC21F8324E253F800D90C32 /* Project object */ = {
			isa = PBXProject;
			attributes = {
				LastSwiftUpdateCheck = 1160;
				LastUpgradeCheck = 1160;
				ORGANIZATIONNAME = "Haley Huynh";
				TargetAttributes = {
					FCC21F8A24E253F800D90C32 = {
						CreatedOnToolsVersion = 11.6;
					};
					FCC21FA024E2542600D90C32 = {
						CreatedOnToolsVersion = 11.6;
						TestTargetID = FCC21F8A24E253F800D90C32;
					};
					FCC21FAB24E2542600D90C32 = {
						CreatedOnToolsVersion = 11.6;
						TestTargetID = FCC21F8A24E253F800D90C32;
					};
				};
			};
			buildConfigurationList = FCC21F8624E253F800D90C32 /* Build configuration list for PBXProject "Gomble" */;
			compatibilityVersion = "Xcode 9.3";
			developmentRegion = en;
			hasScannedForEncodings = 0;
			knownRegions = (
				en,
				Base,
			);
			mainGroup = FCC21F8224E253F800D90C32;
			productRefGroup = FCC21F8C24E253F900D90C32 /* Products */;
			projectDirPath = "";
			projectRoot = "";
			targets = (
				FCC21F8A24E253F800D90C32 /* Gomble */,
				FCC21FA024E2542600D90C32 /* GombleTests */,
				FCC21FAB24E2542600D90C32 /* GombleUITests */,
			);
		};
/* End PBXProject section */

/* Begin PBXResourcesBuildPhase section */
		FCC21F8924E253F800D90C32 /* Resources */ = {
			isa = PBXResourcesBuildPhase;
			buildActionMask = 2147483647;
			files = (
				FCC21F9B24E2542300D90C32 /* LaunchScreen.storyboard in Resources */,
				FC5B375024E589B200216DBD /* DMSans-Regular.ttf in Resources */,
				FC5B375324E58B9900216DBD /* logo.png in Resources */,
				FC12065D24E5B5A100E5F304 /* icon_back.png in Resources */,
				FC5B374924E5849B00216DBD /* icon_check_off.png in Resources */,
				FCC21F9824E2542300D90C32 /* Assets.xcassets in Resources */,
				FC5B374A24E5849B00216DBD /* icon_check_on.png in Resources */,
				FC12066624E5DADA00E5F304 /* bg_header.png in Resources */,
				FCC21F9624E253F900D90C32 /* Main.storyboard in Resources */,
				FC5B374F24E589B200216DBD /* DMSans-Medium.ttf in Resources */,
				FC5B375124E589B200216DBD /* DMSans-Bold.ttf in Resources */,
			);
			runOnlyForDeploymentPostprocessing = 0;
		};
		FCC21F9F24E2542600D90C32 /* Resources */ = {
			isa = PBXResourcesBuildPhase;
			buildActionMask = 2147483647;
			files = (
			);
			runOnlyForDeploymentPostprocessing = 0;
		};
		FCC21FAA24E2542600D90C32 /* Resources */ = {
			isa = PBXResourcesBuildPhase;
			buildActionMask = 2147483647;
			files = (
			);
			runOnlyForDeploymentPostprocessing = 0;
		};
/* End PBXResourcesBuildPhase section */

/* Begin PBXShellScriptBuildPhase section */
		00F7223D7ADBFC2A246D2C03 /* [CP] Embed Pods Frameworks */ = {
			isa = PBXShellScriptBuildPhase;
			buildActionMask = 2147483647;
			files = (
			);
			inputFileListPaths = (
				"${PODS_ROOT}/Target Support Files/Pods-Gomble/Pods-Gomble-frameworks-${CONFIGURATION}-input-files.xcfilelist",
			);
			name = "[CP] Embed Pods Frameworks";
			outputFileListPaths = (
				"${PODS_ROOT}/Target Support Files/Pods-Gomble/Pods-Gomble-frameworks-${CONFIGURATION}-output-files.xcfilelist",
			);
			runOnlyForDeploymentPostprocessing = 0;
			shellPath = /bin/sh;
			shellScript = "\"${PODS_ROOT}/Target Support Files/Pods-Gomble/Pods-Gomble-frameworks.sh\"\n";
			showEnvVarsInLog = 0;
		};
		02B517168C9F187219432CB7 /* [CP] Embed Pods Frameworks */ = {
			isa = PBXShellScriptBuildPhase;
			buildActionMask = 2147483647;
			files = (
			);
			inputFileListPaths = (
				"${PODS_ROOT}/Target Support Files/Pods-Gomble-GombleUITests/Pods-Gomble-GombleUITests-frameworks-${CONFIGURATION}-input-files.xcfilelist",
			);
			name = "[CP] Embed Pods Frameworks";
			outputFileListPaths = (
				"${PODS_ROOT}/Target Support Files/Pods-Gomble-GombleUITests/Pods-Gomble-GombleUITests-frameworks-${CONFIGURATION}-output-files.xcfilelist",
			);
			runOnlyForDeploymentPostprocessing = 0;
			shellPath = /bin/sh;
			shellScript = "\"${PODS_ROOT}/Target Support Files/Pods-Gomble-GombleUITests/Pods-Gomble-GombleUITests-frameworks.sh\"\n";
			showEnvVarsInLog = 0;
		};
		03BE43735431B3D3E03A13A6 /* [CP] Check Pods Manifest.lock */ = {
			isa = PBXShellScriptBuildPhase;
			buildActionMask = 2147483647;
			files = (
			);
			inputFileListPaths = (
			);
			inputPaths = (
				"${PODS_PODFILE_DIR_PATH}/Podfile.lock",
				"${PODS_ROOT}/Manifest.lock",
			);
			name = "[CP] Check Pods Manifest.lock";
			outputFileListPaths = (
			);
			outputPaths = (
				"$(DERIVED_FILE_DIR)/Pods-Gomble-checkManifestLockResult.txt",
			);
			runOnlyForDeploymentPostprocessing = 0;
			shellPath = /bin/sh;
			shellScript = "diff \"${PODS_PODFILE_DIR_PATH}/Podfile.lock\" \"${PODS_ROOT}/Manifest.lock\" > /dev/null\nif [ $? != 0 ] ; then\n    # print error to STDERR\n    echo \"error: The sandbox is not in sync with the Podfile.lock. Run 'pod install' or update your CocoaPods installation.\" >&2\n    exit 1\nfi\n# This output is used by Xcode 'outputs' to avoid re-running this script phase.\necho \"SUCCESS\" > \"${SCRIPT_OUTPUT_FILE_0}\"\n";
			showEnvVarsInLog = 0;
		};
		463309CE8BB8DAD3AC5974FF /* [CP] Check Pods Manifest.lock */ = {
			isa = PBXShellScriptBuildPhase;
			buildActionMask = 2147483647;
			files = (
			);
			inputFileListPaths = (
			);
			inputPaths = (
				"${PODS_PODFILE_DIR_PATH}/Podfile.lock",
				"${PODS_ROOT}/Manifest.lock",
			);
			name = "[CP] Check Pods Manifest.lock";
			outputFileListPaths = (
			);
			outputPaths = (
				"$(DERIVED_FILE_DIR)/Pods-GombleTests-checkManifestLockResult.txt",
			);
			runOnlyForDeploymentPostprocessing = 0;
			shellPath = /bin/sh;
			shellScript = "diff \"${PODS_PODFILE_DIR_PATH}/Podfile.lock\" \"${PODS_ROOT}/Manifest.lock\" > /dev/null\nif [ $? != 0 ] ; then\n    # print error to STDERR\n    echo \"error: The sandbox is not in sync with the Podfile.lock. Run 'pod install' or update your CocoaPods installation.\" >&2\n    exit 1\nfi\n# This output is used by Xcode 'outputs' to avoid re-running this script phase.\necho \"SUCCESS\" > \"${SCRIPT_OUTPUT_FILE_0}\"\n";
			showEnvVarsInLog = 0;
		};
		62374991BE994D37E2119B44 /* [CP] Check Pods Manifest.lock */ = {
			isa = PBXShellScriptBuildPhase;
			buildActionMask = 2147483647;
			files = (
			);
			inputFileListPaths = (
			);
			inputPaths = (
				"${PODS_PODFILE_DIR_PATH}/Podfile.lock",
				"${PODS_ROOT}/Manifest.lock",
			);
			name = "[CP] Check Pods Manifest.lock";
			outputFileListPaths = (
			);
			outputPaths = (
				"$(DERIVED_FILE_DIR)/Pods-Gomble-GombleUITests-checkManifestLockResult.txt",
			);
			runOnlyForDeploymentPostprocessing = 0;
			shellPath = /bin/sh;
			shellScript = "diff \"${PODS_PODFILE_DIR_PATH}/Podfile.lock\" \"${PODS_ROOT}/Manifest.lock\" > /dev/null\nif [ $? != 0 ] ; then\n    # print error to STDERR\n    echo \"error: The sandbox is not in sync with the Podfile.lock. Run 'pod install' or update your CocoaPods installation.\" >&2\n    exit 1\nfi\n# This output is used by Xcode 'outputs' to avoid re-running this script phase.\necho \"SUCCESS\" > \"${SCRIPT_OUTPUT_FILE_0}\"\n";
			showEnvVarsInLog = 0;
		};
/* End PBXShellScriptBuildPhase section */

/* Begin PBXSourcesBuildPhase section */
		FCC21F8724E253F800D90C32 /* Sources */ = {
			isa = PBXSourcesBuildPhase;
			buildActionMask = 2147483647;
			files = (
				FC12065224E58F9500E5F304 /* RoundedView.swift in Sources */,
				FC5B374324E5427500216DBD /* SignUpViewController.swift in Sources */,
				FCC21F9324E253F900D90C32 /* ViewController.swift in Sources */,
				FCC21F8F24E253F900D90C32 /* AppDelegate.swift in Sources */,
				FC12065924E5AE5B00E5F304 /* Common.swift in Sources */,
				FCC21F9124E253F900D90C32 /* SceneDelegate.swift in Sources */,
				FC12065124E58F9500E5F304 /* RoundedButton.swift in Sources */,
				FCC21FC224E4CE8C00D90C32 /* SignInViewController.swift in Sources */,
				FC12066124E5C58100E5F304 /* SelectTypeViewController.swift in Sources */,
				FC12065B24E5B3AA00E5F304 /* ForgotPasswordViewController.swift in Sources */,
				FC12065F24E5B98600E5F304 /* CreateNewPasswordViewController.swift in Sources */,
				FC12066324E5D43100E5F304 /* RoundedImageView.swift in Sources */,
				FC12065424E5904300E5F304 /* RoundedTextField.swift in Sources */,
				FC12065724E5A60000E5F304 /* Globals.swift in Sources */,
				FCC21FBF24E37ECF00D90C32 /* GetStartedViewController.swift in Sources */,
			);
			runOnlyForDeploymentPostprocessing = 0;
		};
		FCC21F9D24E2542600D90C32 /* Sources */ = {
			isa = PBXSourcesBuildPhase;
			buildActionMask = 2147483647;
			files = (
				FCC21FA624E2542600D90C32 /* GombleTests.swift in Sources */,
			);
			runOnlyForDeploymentPostprocessing = 0;
		};
		FCC21FA824E2542600D90C32 /* Sources */ = {
			isa = PBXSourcesBuildPhase;
			buildActionMask = 2147483647;
			files = (
				FCC21FB124E2542600D90C32 /* GombleUITests.swift in Sources */,
			);
			runOnlyForDeploymentPostprocessing = 0;
		};
/* End PBXSourcesBuildPhase section */

/* Begin PBXTargetDependency section */
		FCC21FA324E2542600D90C32 /* PBXTargetDependency */ = {
			isa = PBXTargetDependency;
			target = FCC21F8A24E253F800D90C32 /* Gomble */;
			targetProxy = FCC21FA224E2542600D90C32 /* PBXContainerItemProxy */;
		};
		FCC21FAE24E2542600D90C32 /* PBXTargetDependency */ = {
			isa = PBXTargetDependency;
			target = FCC21F8A24E253F800D90C32 /* Gomble */;
			targetProxy = FCC21FAD24E2542600D90C32 /* PBXContainerItemProxy */;
		};
/* End PBXTargetDependency section */

/* Begin PBXVariantGroup section */
		FCC21F9424E253F900D90C32 /* Main.storyboard */ = {
			isa = PBXVariantGroup;
			children = (
				FCC21F9524E253F900D90C32 /* Base */,
			);
			name = Main.storyboard;
			sourceTree = "<group>";
		};
		FCC21F9924E2542300D90C32 /* LaunchScreen.storyboard */ = {
			isa = PBXVariantGroup;
			children = (
				FCC21F9A24E2542300D90C32 /* Base */,
			);
			name = LaunchScreen.storyboard;
			sourceTree = "<group>";
		};
/* End PBXVariantGroup section */

/* Begin XCBuildConfiguration section */
		FCC21FB324E2542600D90C32 /* Debug */ = {
			isa = XCBuildConfiguration;
			buildSettings = {
				ALWAYS_SEARCH_USER_PATHS = NO;
				CLANG_ANALYZER_NONNULL = YES;
				CLANG_ANALYZER_NUMBER_OBJECT_CONVERSION = YES_AGGRESSIVE;
				CLANG_CXX_LANGUAGE_STANDARD = "gnu++14";
				CLANG_CXX_LIBRARY = "libc++";
				CLANG_ENABLE_MODULES = YES;
				CLANG_ENABLE_OBJC_ARC = YES;
				CLANG_ENABLE_OBJC_WEAK = YES;
				CLANG_WARN_BLOCK_CAPTURE_AUTORELEASING = YES;
				CLANG_WARN_BOOL_CONVERSION = YES;
				CLANG_WARN_COMMA = YES;
				CLANG_WARN_CONSTANT_CONVERSION = YES;
				CLANG_WARN_DEPRECATED_OBJC_IMPLEMENTATIONS = YES;
				CLANG_WARN_DIRECT_OBJC_ISA_USAGE = YES_ERROR;
				CLANG_WARN_DOCUMENTATION_COMMENTS = YES;
				CLANG_WARN_EMPTY_BODY = YES;
				CLANG_WARN_ENUM_CONVERSION = YES;
				CLANG_WARN_INFINITE_RECURSION = YES;
				CLANG_WARN_INT_CONVERSION = YES;
				CLANG_WARN_NON_LITERAL_NULL_CONVERSION = YES;
				CLANG_WARN_OBJC_IMPLICIT_RETAIN_SELF = YES;
				CLANG_WARN_OBJC_LITERAL_CONVERSION = YES;
				CLANG_WARN_OBJC_ROOT_CLASS = YES_ERROR;
				CLANG_WARN_RANGE_LOOP_ANALYSIS = YES;
				CLANG_WARN_STRICT_PROTOTYPES = YES;
				CLANG_WARN_SUSPICIOUS_MOVE = YES;
				CLANG_WARN_UNGUARDED_AVAILABILITY = YES_AGGRESSIVE;
				CLANG_WARN_UNREACHABLE_CODE = YES;
				CLANG_WARN__DUPLICATE_METHOD_MATCH = YES;
				COPY_PHASE_STRIP = NO;
				DEBUG_INFORMATION_FORMAT = dwarf;
				ENABLE_STRICT_OBJC_MSGSEND = YES;
				ENABLE_TESTABILITY = YES;
				GCC_C_LANGUAGE_STANDARD = gnu11;
				GCC_DYNAMIC_NO_PIC = NO;
				GCC_NO_COMMON_BLOCKS = YES;
				GCC_OPTIMIZATION_LEVEL = 0;
				GCC_PREPROCESSOR_DEFINITIONS = (
					"DEBUG=1",
					"$(inherited)",
				);
				GCC_WARN_64_TO_32_BIT_CONVERSION = YES;
				GCC_WARN_ABOUT_RETURN_TYPE = YES_ERROR;
				GCC_WARN_UNDECLARED_SELECTOR = YES;
				GCC_WARN_UNINITIALIZED_AUTOS = YES_AGGRESSIVE;
				GCC_WARN_UNUSED_FUNCTION = YES;
				GCC_WARN_UNUSED_VARIABLE = YES;
				IPHONEOS_DEPLOYMENT_TARGET = 13.6;
				MTL_ENABLE_DEBUG_INFO = INCLUDE_SOURCE;
				MTL_FAST_MATH = YES;
				ONLY_ACTIVE_ARCH = YES;
				SDKROOT = iphoneos;
				SWIFT_ACTIVE_COMPILATION_CONDITIONS = DEBUG;
				SWIFT_OPTIMIZATION_LEVEL = "-Onone";
			};
			name = Debug;
		};
		FCC21FB424E2542600D90C32 /* Release */ = {
			isa = XCBuildConfiguration;
			buildSettings = {
				ALWAYS_SEARCH_USER_PATHS = NO;
				CLANG_ANALYZER_NONNULL = YES;
				CLANG_ANALYZER_NUMBER_OBJECT_CONVERSION = YES_AGGRESSIVE;
				CLANG_CXX_LANGUAGE_STANDARD = "gnu++14";
				CLANG_CXX_LIBRARY = "libc++";
				CLANG_ENABLE_MODULES = YES;
				CLANG_ENABLE_OBJC_ARC = YES;
				CLANG_ENABLE_OBJC_WEAK = YES;
				CLANG_WARN_BLOCK_CAPTURE_AUTORELEASING = YES;
				CLANG_WARN_BOOL_CONVERSION = YES;
				CLANG_WARN_COMMA = YES;
				CLANG_WARN_CONSTANT_CONVERSION = YES;
				CLANG_WARN_DEPRECATED_OBJC_IMPLEMENTATIONS = YES;
				CLANG_WARN_DIRECT_OBJC_ISA_USAGE = YES_ERROR;
				CLANG_WARN_DOCUMENTATION_COMMENTS = YES;
				CLANG_WARN_EMPTY_BODY = YES;
				CLANG_WARN_ENUM_CONVERSION = YES;
				CLANG_WARN_INFINITE_RECURSION = YES;
				CLANG_WARN_INT_CONVERSION = YES;
				CLANG_WARN_NON_LITERAL_NULL_CONVERSION = YES;
				CLANG_WARN_OBJC_IMPLICIT_RETAIN_SELF = YES;
				CLANG_WARN_OBJC_LITERAL_CONVERSION = YES;
				CLANG_WARN_OBJC_ROOT_CLASS = YES_ERROR;
				CLANG_WARN_RANGE_LOOP_ANALYSIS = YES;
				CLANG_WARN_STRICT_PROTOTYPES = YES;
				CLANG_WARN_SUSPICIOUS_MOVE = YES;
				CLANG_WARN_UNGUARDED_AVAILABILITY = YES_AGGRESSIVE;
				CLANG_WARN_UNREACHABLE_CODE = YES;
				CLANG_WARN__DUPLICATE_METHOD_MATCH = YES;
				COPY_PHASE_STRIP = NO;
				DEBUG_INFORMATION_FORMAT = "dwarf-with-dsym";
				ENABLE_NS_ASSERTIONS = NO;
				ENABLE_STRICT_OBJC_MSGSEND = YES;
				GCC_C_LANGUAGE_STANDARD = gnu11;
				GCC_NO_COMMON_BLOCKS = YES;
				GCC_WARN_64_TO_32_BIT_CONVERSION = YES;
				GCC_WARN_ABOUT_RETURN_TYPE = YES_ERROR;
				GCC_WARN_UNDECLARED_SELECTOR = YES;
				GCC_WARN_UNINITIALIZED_AUTOS = YES_AGGRESSIVE;
				GCC_WARN_UNUSED_FUNCTION = YES;
				GCC_WARN_UNUSED_VARIABLE = YES;
				IPHONEOS_DEPLOYMENT_TARGET = 13.6;
				MTL_ENABLE_DEBUG_INFO = NO;
				MTL_FAST_MATH = YES;
				SDKROOT = iphoneos;
				SWIFT_COMPILATION_MODE = wholemodule;
				SWIFT_OPTIMIZATION_LEVEL = "-O";
				VALIDATE_PRODUCT = YES;
			};
			name = Release;
		};
		FCC21FB624E2542600D90C32 /* Debug */ = {
			isa = XCBuildConfiguration;
			baseConfigurationReference = 85E718CDDD24CC65D2649B15 /* Pods-Gomble.debug.xcconfig */;
			buildSettings = {
				ASSETCATALOG_COMPILER_APPICON_NAME = AppIcon;
				CODE_SIGN_STYLE = Automatic;
				INFOPLIST_FILE = Gomble/Info.plist;
				LD_RUNPATH_SEARCH_PATHS = (
					"$(inherited)",
					"@executable_path/Frameworks",
				);
				PRODUCT_BUNDLE_IDENTIFIER = com.app.Gomble;
				PRODUCT_NAME = "$(TARGET_NAME)";
				SWIFT_VERSION = 5.0;
				TARGETED_DEVICE_FAMILY = "1,2";
			};
			name = Debug;
		};
		FCC21FB724E2542600D90C32 /* Release */ = {
			isa = XCBuildConfiguration;
			baseConfigurationReference = 1393FAB4854DF85E8E1C3250 /* Pods-Gomble.release.xcconfig */;
			buildSettings = {
				ASSETCATALOG_COMPILER_APPICON_NAME = AppIcon;
				CODE_SIGN_STYLE = Automatic;
				INFOPLIST_FILE = Gomble/Info.plist;
				LD_RUNPATH_SEARCH_PATHS = (
					"$(inherited)",
					"@executable_path/Frameworks",
				);
				PRODUCT_BUNDLE_IDENTIFIER = com.app.Gomble;
				PRODUCT_NAME = "$(TARGET_NAME)";
				SWIFT_VERSION = 5.0;
				TARGETED_DEVICE_FAMILY = "1,2";
			};
			name = Release;
		};
		FCC21FB924E2542600D90C32 /* Debug */ = {
			isa = XCBuildConfiguration;
			baseConfigurationReference = FBB8C2AEEE06AB3AC59464D8 /* Pods-GombleTests.debug.xcconfig */;
			buildSettings = {
				ALWAYS_EMBED_SWIFT_STANDARD_LIBRARIES = YES;
				BUNDLE_LOADER = "$(TEST_HOST)";
				CODE_SIGN_STYLE = Automatic;
				INFOPLIST_FILE = GombleTests/Info.plist;
				IPHONEOS_DEPLOYMENT_TARGET = 13.6;
				LD_RUNPATH_SEARCH_PATHS = (
					"$(inherited)",
					"@executable_path/Frameworks",
					"@loader_path/Frameworks",
				);
				PRODUCT_BUNDLE_IDENTIFIER = com.app.GombleTests;
				PRODUCT_NAME = "$(TARGET_NAME)";
				SWIFT_VERSION = 5.0;
				TARGETED_DEVICE_FAMILY = "1,2";
				TEST_HOST = "$(BUILT_PRODUCTS_DIR)/Gomble.app/Gomble";
			};
			name = Debug;
		};
		FCC21FBA24E2542600D90C32 /* Release */ = {
			isa = XCBuildConfiguration;
			baseConfigurationReference = 0E244B01858383AA5A3DABA0 /* Pods-GombleTests.release.xcconfig */;
			buildSettings = {
				ALWAYS_EMBED_SWIFT_STANDARD_LIBRARIES = YES;
				BUNDLE_LOADER = "$(TEST_HOST)";
				CODE_SIGN_STYLE = Automatic;
				INFOPLIST_FILE = GombleTests/Info.plist;
				IPHONEOS_DEPLOYMENT_TARGET = 13.6;
				LD_RUNPATH_SEARCH_PATHS = (
					"$(inherited)",
					"@executable_path/Frameworks",
					"@loader_path/Frameworks",
				);
				PRODUCT_BUNDLE_IDENTIFIER = com.app.GombleTests;
				PRODUCT_NAME = "$(TARGET_NAME)";
				SWIFT_VERSION = 5.0;
				TARGETED_DEVICE_FAMILY = "1,2";
				TEST_HOST = "$(BUILT_PRODUCTS_DIR)/Gomble.app/Gomble";
			};
			name = Release;
		};
		FCC21FBC24E2542600D90C32 /* Debug */ = {
			isa = XCBuildConfiguration;
			baseConfigurationReference = 03A999B77983F0CD59984179 /* Pods-Gomble-GombleUITests.debug.xcconfig */;
			buildSettings = {
				ALWAYS_EMBED_SWIFT_STANDARD_LIBRARIES = YES;
				CODE_SIGN_STYLE = Automatic;
				INFOPLIST_FILE = GombleUITests/Info.plist;
				LD_RUNPATH_SEARCH_PATHS = (
					"$(inherited)",
					"@executable_path/Frameworks",
					"@loader_path/Frameworks",
				);
				PRODUCT_BUNDLE_IDENTIFIER = com.app.GombleUITests;
				PRODUCT_NAME = "$(TARGET_NAME)";
				SWIFT_VERSION = 5.0;
				TARGETED_DEVICE_FAMILY = "1,2";
				TEST_TARGET_NAME = Gomble;
			};
			name = Debug;
		};
		FCC21FBD24E2542600D90C32 /* Release */ = {
			isa = XCBuildConfiguration;
			baseConfigurationReference = 06CDF9381293CDF5DF02A46E /* Pods-Gomble-GombleUITests.release.xcconfig */;
			buildSettings = {
				ALWAYS_EMBED_SWIFT_STANDARD_LIBRARIES = YES;
				CODE_SIGN_STYLE = Automatic;
				INFOPLIST_FILE = GombleUITests/Info.plist;
				LD_RUNPATH_SEARCH_PATHS = (
					"$(inherited)",
					"@executable_path/Frameworks",
					"@loader_path/Frameworks",
				);
				PRODUCT_BUNDLE_IDENTIFIER = com.app.GombleUITests;
				PRODUCT_NAME = "$(TARGET_NAME)";
				SWIFT_VERSION = 5.0;
				TARGETED_DEVICE_FAMILY = "1,2";
				TEST_TARGET_NAME = Gomble;
			};
			name = Release;
		};
/* End XCBuildConfiguration section */

/* Begin XCConfigurationList section */
		FCC21F8624E253F800D90C32 /* Build configuration list for PBXProject "Gomble" */ = {
			isa = XCConfigurationList;
			buildConfigurations = (
				FCC21FB324E2542600D90C32 /* Debug */,
				FCC21FB424E2542600D90C32 /* Release */,
			);
			defaultConfigurationIsVisible = 0;
			defaultConfigurationName = Release;
		};
		FCC21FB524E2542600D90C32 /* Build configuration list for PBXNativeTarget "Gomble" */ = {
			isa = XCConfigurationList;
			buildConfigurations = (
				FCC21FB624E2542600D90C32 /* Debug */,
				FCC21FB724E2542600D90C32 /* Release */,
			);
			defaultConfigurationIsVisible = 0;
			defaultConfigurationName = Release;
		};
		FCC21FB824E2542600D90C32 /* Build configuration list for PBXNativeTarget "GombleTests" */ = {
			isa = XCConfigurationList;
			buildConfigurations = (
				FCC21FB924E2542600D90C32 /* Debug */,
				FCC21FBA24E2542600D90C32 /* Release */,
			);
			defaultConfigurationIsVisible = 0;
			defaultConfigurationName = Release;
		};
		FCC21FBB24E2542600D90C32 /* Build configuration list for PBXNativeTarget "GombleUITests" */ = {
			isa = XCConfigurationList;
			buildConfigurations = (
				FCC21FBC24E2542600D90C32 /* Debug */,
				FCC21FBD24E2542600D90C32 /* Release */,
			);
			defaultConfigurationIsVisible = 0;
			defaultConfigurationName = Release;
		};
/* End XCConfigurationList section */
	};
	rootObject = FCC21F8324E253F800D90C32 /* Project object */;
}
